// !$*UTF8*$!
{
	archiveVersion = 1;
	classes = {
	};
	objectVersion = 77;
	objects = {

/* Begin PBXBuildFile section */
		0A3D572988796530168AEA9D /* BookmarksScreen.swift in Sources */ = {isa = PBXBuildFile; fileRef = E559C17D51EA3E9F714A8A9F /* BookmarksScreen.swift */; };
		15ED73C986043C35E42D9456 /* AIChatScreen.swift in Sources */ = {isa = PBXBuildFile; fileRef = 4FB5D404BBD134DE2B348F64 /* AIChatScreen.swift */; };
		1EF5369D43D1788159600515 /* LichSoApp.swift in Sources */ = {isa = PBXBuildFile; fileRef = 6C8A396C669F9F03CAB6869D /* LichSoApp.swift */; };
		278C692983B6C270955A101F /* MoonPhaseCalculator.swift in Sources */ = {isa = PBXBuildFile; fileRef = B31D4D9BD237EEEB1A1BA818 /* MoonPhaseCalculator.swift */; };
		2E57DDC34D6315C6F19D147B /* HomeViewModel.swift in Sources */ = {isa = PBXBuildFile; fileRef = 05682F7E3EC85C4DF2A0CD54 /* HomeViewModel.swift */; };
		377406AF3D82DD4FC7A065CA /* GoodDaysScreen.swift in Sources */ = {isa = PBXBuildFile; fileRef = 2F37C90CD89F1330B32BE0C6 /* GoodDaysScreen.swift */; };
		3B67BD418D7452A9982B8C8E /* VietnameseQuotes.swift in Sources */ = {isa = PBXBuildFile; fileRef = 385FA4917D071A3FEC446160 /* VietnameseQuotes.swift */; };
		43E6B25B40FF0502D8F23AFF /* GioHoangDaoCalculator.swift in Sources */ = {isa = PBXBuildFile; fileRef = 315EE291DA6277050F81B1C7 /* GioHoangDaoCalculator.swift */; };
		4C549F4BAD787279BB53D324 /* DayInfoProvider.swift in Sources */ = {isa = PBXBuildFile; fileRef = 7127EAA2C317CB0E32D9B7D5 /* DayInfoProvider.swift */; };
		5D922D8E9D6C0D70D7867582 /* HomeScreen.swift in Sources */ = {isa = PBXBuildFile; fileRef = 02498197D56524026EED6CDC /* HomeScreen.swift */; };
		6240D3E58CC76C66BD151C62 /* ProfileScreen.swift in Sources */ = {isa = PBXBuildFile; fileRef = A9D85D12F8379C62B6D463BE /* ProfileScreen.swift */; };
		6879A70FB12DD54E32E7F284 /* SearchScreen.swift in Sources */ = {isa = PBXBuildFile; fileRef = D381EC3F66EC7DBFD103BDA2 /* SearchScreen.swift */; };
		7B5C52EC955CC9CB6A79E827 /* SettingsScreen.swift in Sources */ = {isa = PBXBuildFile; fileRef = C5A37E23C96345F82184516B /* SettingsScreen.swift */; };
		809B4F8EE42D568848DBB3EF /* DayInfo.swift in Sources */ = {isa = PBXBuildFile; fileRef = 22185FB75EF8909C72A4EC01 /* DayInfo.swift */; };
		8F545F097F55D9547EF8532A /* Theme.swift in Sources */ = {isa = PBXBuildFile; fileRef = 7E04809B1D66DEF1B39439FB /* Theme.swift */; };
		9651B8532E2AB4978688DA0B /* SaoChieuCalculator.swift in Sources */ = {isa = PBXBuildFile; fileRef = 56CC94E2FB5ABA3641E9A745 /* SaoChieuCalculator.swift */; };
		980C48F206B204F650577DBE /* LichSoDatabase.swift in Sources */ = {isa = PBXBuildFile; fileRef = B02E358F3A3DB5AB6FF833A7 /* LichSoDatabase.swift */; };
		9F3B8508FE5B6235F6593664 /* LunarCalendarUtil.swift in Sources */ = {isa = PBXBuildFile; fileRef = 097A581CCCCF1BC3CC1C7C8B /* LunarCalendarUtil.swift */; };
		A46DF3283B7399C0E3E67A44 /* FamilyTreeEntities.swift in Sources */ = {isa = PBXBuildFile; fileRef = 77CA99138D732DB6FDFAA741 /* FamilyTreeEntities.swift */; };
		A665DB19F7F17CD6C45F500C /* CalendarScreen.swift in Sources */ = {isa = PBXBuildFile; fileRef = EA0FA7BDE5F04C486A4FB367 /* CalendarScreen.swift */; };
		A76733C677B560B184235FE5 /* Entities.swift in Sources */ = {isa = PBXBuildFile; fileRef = 869F48CF57C93A1C3D2B2830 /* Entities.swift */; };
		AEF3FE4B07E2C460A27EB8C1 /* NotificationScreen.swift in Sources */ = {isa = PBXBuildFile; fileRef = E099E9F36FD48F2238FB4D62 /* NotificationScreen.swift */; };
		B397F6988944C2712DAB4402 /* AppSettings.swift in Sources */ = {isa = PBXBuildFile; fileRef = 9B7C2E4BC2A5612FDE23AA05 /* AppSettings.swift */; };
		BA186F7651356519ADADC648 /* TietKhiCalculator.swift in Sources */ = {isa = PBXBuildFile; fileRef = 2B82710093CFF01D4456B970 /* TietKhiCalculator.swift */; };
		C0929697DBEFB73B4778AD8E /* DayActivityCalculator.swift in Sources */ = {isa = PBXBuildFile; fileRef = 359AA6162FE192D9E474D475 /* DayActivityCalculator.swift */; };
		C19CE40FB5E9FE2280B17866 /* FamilyTreeRepository.swift in Sources */ = {isa = PBXBuildFile; fileRef = 6476BE6E6D6BBE59D6AE6DA5 /* FamilyTreeRepository.swift */; };
		C358344D947EF3023FB411FF /* CanChiCalculator.swift in Sources */ = {isa = PBXBuildFile; fileRef = 800DB932E63B617C554C39D2 /* CanChiCalculator.swift */; };
		CF770CDD20910635108A64F4 /* TrucNgayCalculator.swift in Sources */ = {isa = PBXBuildFile; fileRef = 2706472E71F6B9F3D5B85E25 /* TrucNgayCalculator.swift */; };
		D0A98006478F6E7524663D1E /* ContentView.swift in Sources */ = {isa = PBXBuildFile; fileRef = 1AE3E6F79CCFE2C98199B4AB /* ContentView.swift */; };
		D61962D30AB4E8D94BEED52D /* PrayersScreen.swift in Sources */ = {isa = PBXBuildFile; fileRef = 452EDBBC6F2DD6C837BA90C9 /* PrayersScreen.swift */; };
		D8259D5D131687AFE08AC77C /* WeatherAPI.swift in Sources */ = {isa = PBXBuildFile; fileRef = E46433C48E95494A699337C0 /* WeatherAPI.swift */; };
		DAB0041526E4B8D9A6B61E1B /* ChatViewModel.swift in Sources */ = {isa = PBXBuildFile; fileRef = A85C5AECBDBCA46037FBECEF /* ChatViewModel.swift */; };
		E95E79BBDA31108AEEB9B13E /* FamilyTreeScreen.swift in Sources */ = {isa = PBXBuildFile; fileRef = 89D56F17594ED618012DCBD5 /* FamilyTreeScreen.swift */; };
		EFD891CDB94799CA64A89B3B /* HolidayUtil.swift in Sources */ = {isa = PBXBuildFile; fileRef = 20B75735E0A9BD7B2FC53097 /* HolidayUtil.swift */; };
		F0C776CAA62397F2CD1D7DC5 /* TasksScreen.swift in Sources */ = {isa = PBXBuildFile; fileRef = 626E1767F7CA0A33706ED904 /* TasksScreen.swift */; };
		F2FBDA0505B45B9438CB50B3 /* HistoricalEventProvider.swift in Sources */ = {isa = PBXBuildFile; fileRef = 9B6E202F04D08361A3509F65 /* HistoricalEventProvider.swift */; };
		F3A6BA0229CB200AE2B85040 /* ThisDayInHistoryScreen.swift in Sources */ = {isa = PBXBuildFile; fileRef = 683427D900DA7E55475F6290 /* ThisDayInHistoryScreen.swift */; };
		FBE7B2E13BA02B966C7763E2 /* OpenRouterAPI.swift in Sources */ = {isa = PBXBuildFile; fileRef = 31CD5C2DF872A3829CF7909F /* OpenRouterAPI.swift */; };
/* End PBXBuildFile section */

/* Begin PBXFileReference section */
		02498197D56524026EED6CDC /* HomeScreen.swift */ = {isa = PBXFileReference; lastKnownFileType = sourcecode.swift; path = HomeScreen.swift; sourceTree = "<group>"; };
		05682F7E3EC85C4DF2A0CD54 /* HomeViewModel.swift */ = {isa = PBXFileReference; lastKnownFileType = sourcecode.swift; path = HomeViewModel.swift; sourceTree = "<group>"; };
		097A581CCCCF1BC3CC1C7C8B /* LunarCalendarUtil.swift */ = {isa = PBXFileReference; lastKnownFileType = sourcecode.swift; path = LunarCalendarUtil.swift; sourceTree = "<group>"; };
		1AE3E6F79CCFE2C98199B4AB /* ContentView.swift */ = {isa = PBXFileReference; lastKnownFileType = sourcecode.swift; path = ContentView.swift; sourceTree = "<group>"; };
		20B75735E0A9BD7B2FC53097 /* HolidayUtil.swift */ = {isa = PBXFileReference; lastKnownFileType = sourcecode.swift; path = HolidayUtil.swift; sourceTree = "<group>"; };
		22185FB75EF8909C72A4EC01 /* DayInfo.swift */ = {isa = PBXFileReference; lastKnownFileType = sourcecode.swift; path = DayInfo.swift; sourceTree = "<group>"; };
		2706472E71F6B9F3D5B85E25 /* TrucNgayCalculator.swift */ = {isa = PBXFileReference; lastKnownFileType = sourcecode.swift; path = TrucNgayCalculator.swift; sourceTree = "<group>"; };
		2B82710093CFF01D4456B970 /* TietKhiCalculator.swift */ = {isa = PBXFileReference; lastKnownFileType = sourcecode.swift; path = TietKhiCalculator.swift; sourceTree = "<group>"; };
		2F37C90CD89F1330B32BE0C6 /* GoodDaysScreen.swift */ = {isa = PBXFileReference; lastKnownFileType = sourcecode.swift; path = GoodDaysScreen.swift; sourceTree = "<group>"; };
		315EE291DA6277050F81B1C7 /* GioHoangDaoCalculator.swift */ = {isa = PBXFileReference; lastKnownFileType = sourcecode.swift; path = GioHoangDaoCalculator.swift; sourceTree = "<group>"; };
		31CD5C2DF872A3829CF7909F /* OpenRouterAPI.swift */ = {isa = PBXFileReference; lastKnownFileType = sourcecode.swift; path = OpenRouterAPI.swift; sourceTree = "<group>"; };
		359AA6162FE192D9E474D475 /* DayActivityCalculator.swift */ = {isa = PBXFileReference; lastKnownFileType = sourcecode.swift; path = DayActivityCalculator.swift; sourceTree = "<group>"; };
		385FA4917D071A3FEC446160 /* VietnameseQuotes.swift */ = {isa = PBXFileReference; lastKnownFileType = sourcecode.swift; path = VietnameseQuotes.swift; sourceTree = "<group>"; };
		452EDBBC6F2DD6C837BA90C9 /* PrayersScreen.swift */ = {isa = PBXFileReference; lastKnownFileType = sourcecode.swift; path = PrayersScreen.swift; sourceTree = "<group>"; };
		4FB5D404BBD134DE2B348F64 /* AIChatScreen.swift */ = {isa = PBXFileReference; lastKnownFileType = sourcecode.swift; path = AIChatScreen.swift; sourceTree = "<group>"; };
		56CC94E2FB5ABA3641E9A745 /* SaoChieuCalculator.swift */ = {isa = PBXFileReference; lastKnownFileType = sourcecode.swift; path = SaoChieuCalculator.swift; sourceTree = "<group>"; };
		626E1767F7CA0A33706ED904 /* TasksScreen.swift */ = {isa = PBXFileReference; lastKnownFileType = sourcecode.swift; path = TasksScreen.swift; sourceTree = "<group>"; };
		6476BE6E6D6BBE59D6AE6DA5 /* FamilyTreeRepository.swift */ = {isa = PBXFileReference; lastKnownFileType = sourcecode.swift; path = FamilyTreeRepository.swift; sourceTree = "<group>"; };
		683427D900DA7E55475F6290 /* ThisDayInHistoryScreen.swift */ = {isa = PBXFileReference; lastKnownFileType = sourcecode.swift; path = ThisDayInHistoryScreen.swift; sourceTree = "<group>"; };
		6C8A396C669F9F03CAB6869D /* LichSoApp.swift */ = {isa = PBXFileReference; lastKnownFileType = sourcecode.swift; path = LichSoApp.swift; sourceTree = "<group>"; };
		7127EAA2C317CB0E32D9B7D5 /* DayInfoProvider.swift */ = {isa = PBXFileReference; lastKnownFileType = sourcecode.swift; path = DayInfoProvider.swift; sourceTree = "<group>"; };
		760BCF011AFE3929B43BA4AD /* LichSo.app */ = {isa = PBXFileReference; includeInIndex = 0; lastKnownFileType = wrapper.application; path = LichSo.app; sourceTree = BUILT_PRODUCTS_DIR; };
		77CA99138D732DB6FDFAA741 /* FamilyTreeEntities.swift */ = {isa = PBXFileReference; lastKnownFileType = sourcecode.swift; path = FamilyTreeEntities.swift; sourceTree = "<group>"; };
		7E04809B1D66DEF1B39439FB /* Theme.swift */ = {isa = PBXFileReference; lastKnownFileType = sourcecode.swift; path = Theme.swift; sourceTree = "<group>"; };
		800DB932E63B617C554C39D2 /* CanChiCalculator.swift */ = {isa = PBXFileReference; lastKnownFileType = sourcecode.swift; path = CanChiCalculator.swift; sourceTree = "<group>"; };
		869F48CF57C93A1C3D2B2830 /* Entities.swift */ = {isa = PBXFileReference; lastKnownFileType = sourcecode.swift; path = Entities.swift; sourceTree = "<group>"; };
		89D56F17594ED618012DCBD5 /* FamilyTreeScreen.swift */ = {isa = PBXFileReference; lastKnownFileType = sourcecode.swift; path = FamilyTreeScreen.swift; sourceTree = "<group>"; };
		9B6E202F04D08361A3509F65 /* HistoricalEventProvider.swift */ = {isa = PBXFileReference; lastKnownFileType = sourcecode.swift; path = HistoricalEventProvider.swift; sourceTree = "<group>"; };
		9B7C2E4BC2A5612FDE23AA05 /* AppSettings.swift */ = {isa = PBXFileReference; lastKnownFileType = sourcecode.swift; path = AppSettings.swift; sourceTree = "<group>"; };
		A85C5AECBDBCA46037FBECEF /* ChatViewModel.swift */ = {isa = PBXFileReference; lastKnownFileType = sourcecode.swift; path = ChatViewModel.swift; sourceTree = "<group>"; };
		A9D85D12F8379C62B6D463BE /* ProfileScreen.swift */ = {isa = PBXFileReference; lastKnownFileType = sourcecode.swift; path = ProfileScreen.swift; sourceTree = "<group>"; };
		B02E358F3A3DB5AB6FF833A7 /* LichSoDatabase.swift */ = {isa = PBXFileReference; lastKnownFileType = sourcecode.swift; path = LichSoDatabase.swift; sourceTree = "<group>"; };
		B31D4D9BD237EEEB1A1BA818 /* MoonPhaseCalculator.swift */ = {isa = PBXFileReference; lastKnownFileType = sourcecode.swift; path = MoonPhaseCalculator.swift; sourceTree = "<group>"; };
		C5A37E23C96345F82184516B /* SettingsScreen.swift */ = {isa = PBXFileReference; lastKnownFileType = sourcecode.swift; path = SettingsScreen.swift; sourceTree = "<group>"; };
		D381EC3F66EC7DBFD103BDA2 /* SearchScreen.swift */ = {isa = PBXFileReference; lastKnownFileType = sourcecode.swift; path = SearchScreen.swift; sourceTree = "<group>"; };
		DB96177AF46DA762B742E145 /* Info.plist */ = {isa = PBXFileReference; lastKnownFileType = text.plist; path = Info.plist; sourceTree = "<group>"; };
		E099E9F36FD48F2238FB4D62 /* NotificationScreen.swift */ = {isa = PBXFileReference; lastKnownFileType = sourcecode.swift; path = NotificationScreen.swift; sourceTree = "<group>"; };
		E46433C48E95494A699337C0 /* WeatherAPI.swift */ = {isa = PBXFileReference; lastKnownFileType = sourcecode.swift; path = WeatherAPI.swift; sourceTree = "<group>"; };
		E559C17D51EA3E9F714A8A9F /* BookmarksScreen.swift */ = {isa = PBXFileReference; lastKnownFileType = sourcecode.swift; path = BookmarksScreen.swift; sourceTree = "<group>"; };
		EA0FA7BDE5F04C486A4FB367 /* CalendarScreen.swift */ = {isa = PBXFileReference; lastKnownFileType = sourcecode.swift; path = CalendarScreen.swift; sourceTree = "<group>"; };
/* End PBXFileReference section */

/* Begin PBXGroup section */
		0820A4BD3821C2B5D60705AD /* Profile */ = {
			isa = PBXGroup;
			children = (
				A9D85D12F8379C62B6D463BE /* ProfileScreen.swift */,
			);
			path = Profile;
			sourceTree = "<group>";
		};
		101A1B4DE53270EA6EC2DD7F /* Settings */ = {
			isa = PBXGroup;
			children = (
				C5A37E23C96345F82184516B /* SettingsScreen.swift */,
			);
			path = Settings;
			sourceTree = "<group>";
		};
		201B504FC42157AC80B4603A /* Resources */ = {
			isa = PBXGroup;
			children = (
				DB96177AF46DA762B742E145 /* Info.plist */,
			);
			path = Resources;
			sourceTree = "<group>";
		};
		2481E6BA328A49DED6ABB941 /* Extensions */ = {
			isa = PBXGroup;
			children = (
				7E04809B1D66DEF1B39439FB /* Theme.swift */,
			);
			path = Extensions;
			sourceTree = "<group>";
		};
		298FC171363A66789EB213FE /* Prayers */ = {
			isa = PBXGroup;
			children = (
				452EDBBC6F2DD6C837BA90C9 /* PrayersScreen.swift */,
			);
			path = Prayers;
			sourceTree = "<group>";
		};
		300696EA3785F6790B1A5E65 /* Utils */ = {
			isa = PBXGroup;
			children = (
				800DB932E63B617C554C39D2 /* CanChiCalculator.swift */,
				359AA6162FE192D9E474D475 /* DayActivityCalculator.swift */,
				315EE291DA6277050F81B1C7 /* GioHoangDaoCalculator.swift */,
				20B75735E0A9BD7B2FC53097 /* HolidayUtil.swift */,
				097A581CCCCF1BC3CC1C7C8B /* LunarCalendarUtil.swift */,
				B31D4D9BD237EEEB1A1BA818 /* MoonPhaseCalculator.swift */,
				56CC94E2FB5ABA3641E9A745 /* SaoChieuCalculator.swift */,
				2B82710093CFF01D4456B970 /* TietKhiCalculator.swift */,
				2706472E71F6B9F3D5B85E25 /* TrucNgayCalculator.swift */,
			);
			path = Utils;
			sourceTree = "<group>";
		};
		332D87B4EAC191646FF3DE1A /* History */ = {
			isa = PBXGroup;
			children = (
				683427D900DA7E55475F6290 /* ThisDayInHistoryScreen.swift */,
			);
			path = History;
			sourceTree = "<group>";
		};
		36C50A8488C1E62A90860015 /* Calendar */ = {
			isa = PBXGroup;
			children = (
				EA0FA7BDE5F04C486A4FB367 /* CalendarScreen.swift */,
			);
			path = Calendar;
			sourceTree = "<group>";
		};
		41FE46EAAC759C24479CA3EC /* Data */ = {
			isa = PBXGroup;
			children = (
				9BC6EF07102F3FD55D8BFA95 /* Local */,
				CD838696FD935840B3F608D7 /* Remote */,
				5F2EAA6EBF41B6BF4C7FB5D9 /* Settings */,
				385FA4917D071A3FEC446160 /* VietnameseQuotes.swift */,
			);
			path = Data;
			sourceTree = "<group>";
		};
		51DCBCEA2BA60C33C27A8F8B /* Widgets */ = {
			isa = PBXGroup;
			children = (
			);
			path = Widgets;
			sourceTree = "<group>";
		};
		571231A3A897877586EB4A01 /* LichSo */ = {
			isa = PBXGroup;
			children = (
				92AAE0BA480B0E1B66918906 /* App */,
				41FE46EAAC759C24479CA3EC /* Data */,
				99820FBE27B0CFAAB5FF83DA /* Domain */,
				2481E6BA328A49DED6ABB941 /* Extensions */,
				844E3A81B30982489CCE3A45 /* Models */,
				201B504FC42157AC80B4603A /* Resources */,
				300696EA3785F6790B1A5E65 /* Utils */,
				AA5AA65507D08844D78D71CE /* Views */,
				51DCBCEA2BA60C33C27A8F8B /* Widgets */,
			);
			path = LichSo;
			sourceTree = "<group>";
		};
		5F2EAA6EBF41B6BF4C7FB5D9 /* Settings */ = {
			isa = PBXGroup;
			children = (
				9B7C2E4BC2A5612FDE23AA05 /* AppSettings.swift */,
			);
			path = Settings;
			sourceTree = "<group>";
		};
		63B13D3DE9271FC5DB4B92D1 /* Home */ = {
			isa = PBXGroup;
			children = (
				02498197D56524026EED6CDC /* HomeScreen.swift */,
				05682F7E3EC85C4DF2A0CD54 /* HomeViewModel.swift */,
			);
			path = Home;
			sourceTree = "<group>";
		};
		6A45A955D73F4A511061EA66 /* Chat */ = {
			isa = PBXGroup;
			children = (
				4FB5D404BBD134DE2B348F64 /* AIChatScreen.swift */,
				A85C5AECBDBCA46037FBECEF /* ChatViewModel.swift */,
			);
			path = Chat;
			sourceTree = "<group>";
		};
		701A75F835F5C925C185E5FC /* Search */ = {
			isa = PBXGroup;
			children = (
				D381EC3F66EC7DBFD103BDA2 /* SearchScreen.swift */,
			);
			path = Search;
			sourceTree = "<group>";
		};
		844E3A81B30982489CCE3A45 /* Models */ = {
			isa = PBXGroup;
			children = (
				22185FB75EF8909C72A4EC01 /* DayInfo.swift */,
			);
			path = Models;
			sourceTree = "<group>";
		};
		845CAE0B65B29DD73ABE53FE /* Templates */ = {
			isa = PBXGroup;
			children = (
			);
			path = Templates;
			sourceTree = "<group>";
		};
		92AAE0BA480B0E1B66918906 /* App */ = {
			isa = PBXGroup;
			children = (
				6C8A396C669F9F03CAB6869D /* LichSoApp.swift */,
			);
			path = App;
			sourceTree = "<group>";
		};
		99820FBE27B0CFAAB5FF83DA /* Domain */ = {
			isa = PBXGroup;
			children = (
				7127EAA2C317CB0E32D9B7D5 /* DayInfoProvider.swift */,
				9B6E202F04D08361A3509F65 /* HistoricalEventProvider.swift */,
			);
			path = Domain;
			sourceTree = "<group>";
		};
		9BC6EF07102F3FD55D8BFA95 /* Local */ = {
			isa = PBXGroup;
			children = (
				869F48CF57C93A1C3D2B2830 /* Entities.swift */,
				77CA99138D732DB6FDFAA741 /* FamilyTreeEntities.swift */,
				6476BE6E6D6BBE59D6AE6DA5 /* FamilyTreeRepository.swift */,
				B02E358F3A3DB5AB6FF833A7 /* LichSoDatabase.swift */,
			);
			path = Local;
			sourceTree = "<group>";
		};
		A79C5E38A4EF20A9022479E3 /* Products */ = {
			isa = PBXGroup;
			children = (
				760BCF011AFE3929B43BA4AD /* LichSo.app */,
			);
			name = Products;
			sourceTree = "<group>";
		};
		AA5AA65507D08844D78D71CE /* Views */ = {
			isa = PBXGroup;
			children = (
				AB5818E8477FF8A471C90534 /* Bookmarks */,
				36C50A8488C1E62A90860015 /* Calendar */,
				6A45A955D73F4A511061EA66 /* Chat */,
				B2384E19DDE1D86BAA2BDEF8 /* Components */,
				F2900ACE11E3710AB0985BF7 /* FamilyTree */,
				E3294081C0431898F0515C34 /* GoodDays */,
				332D87B4EAC191646FF3DE1A /* History */,
				63B13D3DE9271FC5DB4B92D1 /* Home */,
				C791F1F493074C0057BA4D76 /* Notifications */,
				AAB24B651F79E9DAAFAA3444 /* Onboarding */,
				298FC171363A66789EB213FE /* Prayers */,
				0820A4BD3821C2B5D60705AD /* Profile */,
				701A75F835F5C925C185E5FC /* Search */,
				101A1B4DE53270EA6EC2DD7F /* Settings */,
				E923E4C782CE9860427AC1D3 /* Splash */,
				AE6CFF0283FF46C797567DFA /* Tasks */,
				845CAE0B65B29DD73ABE53FE /* Templates */,
				1AE3E6F79CCFE2C98199B4AB /* ContentView.swift */,
			);
			path = Views;
			sourceTree = "<group>";
		};
		AAB24B651F79E9DAAFAA3444 /* Onboarding */ = {
			isa = PBXGroup;
			children = (
			);
			path = Onboarding;
			sourceTree = "<group>";
		};
		AB5818E8477FF8A471C90534 /* Bookmarks */ = {
			isa = PBXGroup;
			children = (
				E559C17D51EA3E9F714A8A9F /* BookmarksScreen.swift */,
			);
			path = Bookmarks;
			sourceTree = "<group>";
		};
		AE6CFF0283FF46C797567DFA /* Tasks */ = {
			isa = PBXGroup;
			children = (
				626E1767F7CA0A33706ED904 /* TasksScreen.swift */,
			);
			path = Tasks;
			sourceTree = "<group>";
		};
		B2384E19DDE1D86BAA2BDEF8 /* Components */ = {
			isa = PBXGroup;
			children = (
			);
			path = Components;
			sourceTree = "<group>";
		};
		C791F1F493074C0057BA4D76 /* Notifications */ = {
			isa = PBXGroup;
			children = (
				E099E9F36FD48F2238FB4D62 /* NotificationScreen.swift */,
			);
			path = Notifications;
			sourceTree = "<group>";
		};
		CD838696FD935840B3F608D7 /* Remote */ = {
			isa = PBXGroup;
			children = (
				31CD5C2DF872A3829CF7909F /* OpenRouterAPI.swift */,
				E46433C48E95494A699337C0 /* WeatherAPI.swift */,
			);
			path = Remote;
			sourceTree = "<group>";
		};
		DC2944E5BC5918EAA982AE93 = {
			isa = PBXGroup;
			children = (
				571231A3A897877586EB4A01 /* LichSo */,
				A79C5E38A4EF20A9022479E3 /* Products */,
			);
			sourceTree = "<group>";
		};
		E3294081C0431898F0515C34 /* GoodDays */ = {
			isa = PBXGroup;
			children = (
				2F37C90CD89F1330B32BE0C6 /* GoodDaysScreen.swift */,
			);
			path = GoodDays;
			sourceTree = "<group>";
		};
		E923E4C782CE9860427AC1D3 /* Splash */ = {
			isa = PBXGroup;
			children = (
			);
			path = Splash;
			sourceTree = "<group>";
		};
		F2900ACE11E3710AB0985BF7 /* FamilyTree */ = {
			isa = PBXGroup;
			children = (
				89D56F17594ED618012DCBD5 /* FamilyTreeScreen.swift */,
			);
			path = FamilyTree;
			sourceTree = "<group>";
		};
/* End PBXGroup section */

/* Begin PBXNativeTarget section */
		166DBF176A0ADC174CED430F /* LichSo */ = {
			isa = PBXNativeTarget;
			buildConfigurationList = C52466C66702B55B24345A86 /* Build configuration list for PBXNativeTarget "LichSo" */;
			buildPhases = (
				35B3681D704B1AD0D3A4DBCD /* Sources */,
			);
			buildRules = (
			);
			dependencies = (
			);
			name = LichSo;
			packageProductDependencies = (
			);
			productName = LichSo;
			productReference = 760BCF011AFE3929B43BA4AD /* LichSo.app */;
			productType = "com.apple.product-type.application";
		};
/* End PBXNativeTarget section */

/* Begin PBXProject section */
		4FE620B2EDD9E82254721672 /* Project object */ = {
			isa = PBXProject;
			attributes = {
				BuildIndependentTargetsInParallel = YES;
				LastUpgradeCheck = 1500;
				TargetAttributes = {
					166DBF176A0ADC174CED430F = {
						DevelopmentTeam = "";
						ProvisioningStyle = Automatic;
					};
				};
			};
			buildConfigurationList = 571F078DC6D032C2F79B01D8 /* Build configuration list for PBXProject "LichSo" */;
			developmentRegion = en;
			hasScannedForEncodings = 0;
			knownRegions = (
				Base,
				en,
			);
			mainGroup = DC2944E5BC5918EAA982AE93;
			minimizedProjectReferenceProxies = 1;
			preferredProjectObjectVersion = 77;
			productRefGroup = A79C5E38A4EF20A9022479E3 /* Products */;
			projectDirPath = "";
			projectRoot = "";
			targets = (
				166DBF176A0ADC174CED430F /* LichSo */,
			);
		};
/* End PBXProject section */

/* Begin PBXSourcesBuildPhase section */
		35B3681D704B1AD0D3A4DBCD /* Sources */ = {
			isa = PBXSourcesBuildPhase;
			buildActionMask = 2147483647;
			files = (
				15ED73C986043C35E42D9456 /* AIChatScreen.swift in Sources */,
				B397F6988944C2712DAB4402 /* AppSettings.swift in Sources */,
				0A3D572988796530168AEA9D /* BookmarksScreen.swift in Sources */,
				A665DB19F7F17CD6C45F500C /* CalendarScreen.swift in Sources */,
				C358344D947EF3023FB411FF /* CanChiCalculator.swift in Sources */,
				DAB0041526E4B8D9A6B61E1B /* ChatViewModel.swift in Sources */,
				D0A98006478F6E7524663D1E /* ContentView.swift in Sources */,
				C0929697DBEFB73B4778AD8E /* DayActivityCalculator.swift in Sources */,
				809B4F8EE42D568848DBB3EF /* DayInfo.swift in Sources */,
				4C549F4BAD787279BB53D324 /* DayInfoProvider.swift in Sources */,
				A76733C677B560B184235FE5 /* Entities.swift in Sources */,
				A46DF3283B7399C0E3E67A44 /* FamilyTreeEntities.swift in Sources */,
				C19CE40FB5E9FE2280B17866 /* FamilyTreeRepository.swift in Sources */,
				E95E79BBDA31108AEEB9B13E /* FamilyTreeScreen.swift in Sources */,
				43E6B25B40FF0502D8F23AFF /* GioHoangDaoCalculator.swift in Sources */,
				377406AF3D82DD4FC7A065CA /* GoodDaysScreen.swift in Sources */,
				F2FBDA0505B45B9438CB50B3 /* HistoricalEventProvider.swift in Sources */,
				EFD891CDB94799CA64A89B3B /* HolidayUtil.swift in Sources */,
				5D922D8E9D6C0D70D7867582 /* HomeScreen.swift in Sources */,
				2E57DDC34D6315C6F19D147B /* HomeViewModel.swift in Sources */,
				1EF5369D43D1788159600515 /* LichSoApp.swift in Sources */,
				980C48F206B204F650577DBE /* LichSoDatabase.swift in Sources */,
				9F3B8508FE5B6235F6593664 /* LunarCalendarUtil.swift in Sources */,
				278C692983B6C270955A101F /* MoonPhaseCalculator.swift in Sources */,
				AEF3FE4B07E2C460A27EB8C1 /* NotificationScreen.swift in Sources */,
				FBE7B2E13BA02B966C7763E2 /* OpenRouterAPI.swift in Sources */,
				D61962D30AB4E8D94BEED52D /* PrayersScreen.swift in Sources */,
				6240D3E58CC76C66BD151C62 /* ProfileScreen.swift in Sources */,
				9651B8532E2AB4978688DA0B /* SaoChieuCalculator.swift in Sources */,
				6879A70FB12DD54E32E7F284 /* SearchScreen.swift in Sources */,
				7B5C52EC955CC9CB6A79E827 /* SettingsScreen.swift in Sources */,
				F0C776CAA62397F2CD1D7DC5 /* TasksScreen.swift in Sources */,
				8F545F097F55D9547EF8532A /* Theme.swift in Sources */,
				F3A6BA0229CB200AE2B85040 /* ThisDayInHistoryScreen.swift in Sources */,
				BA186F7651356519ADADC648 /* TietKhiCalculator.swift in Sources */,
				CF770CDD20910635108A64F4 /* TrucNgayCalculator.swift in Sources */,
				3B67BD418D7452A9982B8C8E /* VietnameseQuotes.swift in Sources */,
				D8259D5D131687AFE08AC77C /* WeatherAPI.swift in Sources */,
			);
			runOnlyForDeploymentPostprocessing = 0;
		};
/* End PBXSourcesBuildPhase section */

/* Begin XCBuildConfiguration section */
		0331A9C58620CCD1FF0B44EE /* Release */ = {
			isa = XCBuildConfiguration;
			buildSettings = {
				ASSETCATALOG_COMPILER_APPICON_NAME = AppIcon;
				ASSETCATALOG_COMPILER_GLOBAL_ACCENT_COLOR_NAME = AccentColor;
				CODE_SIGN_IDENTITY = "iPhone Developer";
				ENABLE_PREVIEWS = YES;
				GENERATE_INFOPLIST_FILE = NO;
				INFOPLIST_FILE = LichSo/Resources/Info.plist;
				IPHONEOS_DEPLOYMENT_TARGET = 17.0;
				LD_RUNPATH_SEARCH_PATHS = (
					"$(inherited)",
					"@executable_path/Frameworks",
				);
				PRODUCT_BUNDLE_IDENTIFIER = com.lichso.app;
				PRODUCT_NAME = "Lịch Số";
				SDKROOT = iphoneos;
				SUPPORTED_PLATFORMS = "iphoneos iphonesimulator";
				SUPPORTS_MACCATALYST = NO;
				SWIFT_EMIT_LOC_STRINGS = YES;
				TARGETED_DEVICE_FAMILY = "1,2";
			};
			name = Release;
		};
		283563130DEFAA9848EEFA1D /* Release */ = {
			isa = XCBuildConfiguration;
			buildSettings = {
				ALWAYS_SEARCH_USER_PATHS = NO;
				CLANG_ANALYZER_NONNULL = YES;
				CLANG_ANALYZER_NUMBER_OBJECT_CONVERSION = YES_AGGRESSIVE;
				CLANG_CXX_LANGUAGE_STANDARD = "gnu++14";
				CLANG_CXX_LIBRARY = "libc++";
				CLANG_ENABLE_MODULES = YES;
				CLANG_ENABLE_OBJC_ARC = YES;
				CLANG_ENABLE_OBJC_WEAK = YES;
				CLANG_WARN_BLOCK_CAPTURE_AUTORELEASING = YES;
				CLANG_WARN_BOOL_CONVERSION = YES;
				CLANG_WARN_COMMA = YES;
				CLANG_WARN_CONSTANT_CONVERSION = YES;
				CLANG_WARN_DEPRECATED_OBJC_IMPLEMENTATIONS = YES;
				CLANG_WARN_DIRECT_OBJC_ISA_USAGE = YES_ERROR;
				CLANG_WARN_DOCUMENTATION_COMMENTS = YES;
				CLANG_WARN_EMPTY_BODY = YES;
				CLANG_WARN_ENUM_CONVERSION = YES;
				CLANG_WARN_INFINITE_RECURSION = YES;
				CLANG_WARN_INT_CONVERSION = YES;
				CLANG_WARN_NON_LITERAL_NULL_CONVERSION = YES;
				CLANG_WARN_OBJC_IMPLICIT_RETAIN_SELF = YES;
				CLANG_WARN_OBJC_LITERAL_CONVERSION = YES;
				CLANG_WARN_OBJC_ROOT_CLASS = YES_ERROR;
				CLANG_WARN_QUOTED_INCLUDE_IN_FRAMEWORK_HEADER = YES;
				CLANG_WARN_RANGE_LOOP_ANALYSIS = YES;
				CLANG_WARN_STRICT_PROTOTYPES = YES;
				CLANG_WARN_SUSPICIOUS_MOVE = YES;
				CLANG_WARN_UNGUARDED_AVAILABILITY = YES_AGGRESSIVE;
				CLANG_WARN_UNREACHABLE_CODE = YES;
				CLANG_WARN__DUPLICATE_METHOD_MATCH = YES;
				CODE_SIGN_IDENTITY = "Apple Development";
				CODE_SIGN_STYLE = Automatic;
				COPY_PHASE_STRIP = NO;
				CURRENT_PROJECT_VERSION = 1;
				DEBUG_INFORMATION_FORMAT = "dwarf-with-dsym";
				DEVELOPMENT_TEAM = "";
				ENABLE_NS_ASSERTIONS = NO;
				ENABLE_STRICT_OBJC_MSGSEND = YES;
				GCC_C_LANGUAGE_STANDARD = gnu11;
				GCC_NO_COMMON_BLOCKS = YES;
				GCC_WARN_64_TO_32_BIT_CONVERSION = YES;
				GCC_WARN_ABOUT_RETURN_TYPE = YES_ERROR;
				GCC_WARN_UNDECLARED_SELECTOR = YES;
				GCC_WARN_UNINITIALIZED_AUTOS = YES_AGGRESSIVE;
				GCC_WARN_UNUSED_FUNCTION = YES;
				GCC_WARN_UNUSED_VARIABLE = YES;
				IPHONEOS_DEPLOYMENT_TARGET = 17.0;
				MARKETING_VERSION = 1.0.0;
				MTL_ENABLE_DEBUG_INFO = NO;
				MTL_FAST_MATH = YES;
				PRODUCT_NAME = "$(TARGET_NAME)";
				SDKROOT = iphoneos;
				SWIFT_COMPILATION_MODE = wholemodule;
				SWIFT_OPTIMIZATION_LEVEL = "-O";
				SWIFT_VERSION = 5.9;
			};
			name = Release;
		};
		5FA8F77A980BB01888C9BA85 /* Debug */ = {
			isa = XCBuildConfiguration;
			buildSettings = {
				ASSETCATALOG_COMPILER_APPICON_NAME = AppIcon;
				ASSETCATALOG_COMPILER_GLOBAL_ACCENT_COLOR_NAME = AccentColor;
				CODE_SIGN_IDENTITY = "iPhone Developer";
				ENABLE_PREVIEWS = YES;
				GENERATE_INFOPLIST_FILE = NO;
				INFOPLIST_FILE = LichSo/Resources/Info.plist;
				IPHONEOS_DEPLOYMENT_TARGET = 17.0;
				LD_RUNPATH_SEARCH_PATHS = (
					"$(inherited)",
					"@executable_path/Frameworks",
				);
				PRODUCT_BUNDLE_IDENTIFIER = com.lichso.app;
				PRODUCT_NAME = "Lịch Số";
				SDKROOT = iphoneos;
				SUPPORTED_PLATFORMS = "iphoneos iphonesimulator";
				SUPPORTS_MACCATALYST = NO;
				SWIFT_EMIT_LOC_STRINGS = YES;
				TARGETED_DEVICE_FAMILY = "1,2";
			};
			name = Debug;
		};
		F276D0674C8F8D4414CE0167 /* Debug */ = {
			isa = XCBuildConfiguration;
			buildSettings = {
				ALWAYS_SEARCH_USER_PATHS = NO;
				CLANG_ANALYZER_NONNULL = YES;
				CLANG_ANALYZER_NUMBER_OBJECT_CONVERSION = YES_AGGRESSIVE;
				CLANG_CXX_LANGUAGE_STANDARD = "gnu++14";
				CLANG_CXX_LIBRARY = "libc++";
				CLANG_ENABLE_MODULES = YES;
				CLANG_ENABLE_OBJC_ARC = YES;
				CLANG_ENABLE_OBJC_WEAK = YES;
				CLANG_WARN_BLOCK_CAPTURE_AUTORELEASING = YES;
				CLANG_WARN_BOOL_CONVERSION = YES;
				CLANG_WARN_COMMA = YES;
				CLANG_WARN_CONSTANT_CONVERSION = YES;
				CLANG_WARN_DEPRECATED_OBJC_IMPLEMENTATIONS = YES;
				CLANG_WARN_DIRECT_OBJC_ISA_USAGE = YES_ERROR;
				CLANG_WARN_DOCUMENTATION_COMMENTS = YES;
				CLANG_WARN_EMPTY_BODY = YES;
				CLANG_WARN_ENUM_CONVERSION = YES;
				CLANG_WARN_INFINITE_RECURSION = YES;
				CLANG_WARN_INT_CONVERSION = YES;
				CLANG_WARN_NON_LITERAL_NULL_CONVERSION = YES;
				CLANG_WARN_OBJC_IMPLICIT_RETAIN_SELF = YES;
				CLANG_WARN_OBJC_LITERAL_CONVERSION = YES;
				CLANG_WARN_OBJC_ROOT_CLASS = YES_ERROR;
				CLANG_WARN_QUOTED_INCLUDE_IN_FRAMEWORK_HEADER = YES;
				CLANG_WARN_RANGE_LOOP_ANALYSIS = YES;
				CLANG_WARN_STRICT_PROTOTYPES = YES;
				CLANG_WARN_SUSPICIOUS_MOVE = YES;
				CLANG_WARN_UNGUARDED_AVAILABILITY = YES_AGGRESSIVE;
				CLANG_WARN_UNREACHABLE_CODE = YES;
				CLANG_WARN__DUPLICATE_METHOD_MATCH = YES;
				CODE_SIGN_IDENTITY = "Apple Development";
				CODE_SIGN_STYLE = Automatic;
				COPY_PHASE_STRIP = NO;
				CURRENT_PROJECT_VERSION = 1;
				DEBUG_INFORMATION_FORMAT = dwarf;
				DEVELOPMENT_TEAM = "";
				ENABLE_STRICT_OBJC_MSGSEND = YES;
				ENABLE_TESTABILITY = YES;
				GCC_C_LANGUAGE_STANDARD = gnu11;
				GCC_DYNAMIC_NO_PIC = NO;
				GCC_NO_COMMON_BLOCKS = YES;
				GCC_OPTIMIZATION_LEVEL = 0;
				GCC_PREPROCESSOR_DEFINITIONS = (
					"$(inherited)",
					"DEBUG=1",
				);
				GCC_WARN_64_TO_32_BIT_CONVERSION = YES;
				GCC_WARN_ABOUT_RETURN_TYPE = YES_ERROR;
				GCC_WARN_UNDECLARED_SELECTOR = YES;
				GCC_WARN_UNINITIALIZED_AUTOS = YES_AGGRESSIVE;
				GCC_WARN_UNUSED_FUNCTION = YES;
				GCC_WARN_UNUSED_VARIABLE = YES;
				IPHONEOS_DEPLOYMENT_TARGET = 17.0;
				MARKETING_VERSION = 1.0.0;
				MTL_ENABLE_DEBUG_INFO = INCLUDE_SOURCE;
				MTL_FAST_MATH = YES;
				ONLY_ACTIVE_ARCH = YES;
				PRODUCT_NAME = "$(TARGET_NAME)";
				SDKROOT = iphoneos;
				SWIFT_ACTIVE_COMPILATION_CONDITIONS = DEBUG;
				SWIFT_OPTIMIZATION_LEVEL = "-Onone";
				SWIFT_VERSION = 5.9;
			};
			name = Debug;
		};
/* End XCBuildConfiguration section */

/* Begin XCConfigurationList section */
		571F078DC6D032C2F79B01D8 /* Build configuration list for PBXProject "LichSo" */ = {
			isa = XCConfigurationList;
			buildConfigurations = (
				F276D0674C8F8D4414CE0167 /* Debug */,
				283563130DEFAA9848EEFA1D /* Release */,
			);
			defaultConfigurationIsVisible = 0;
			defaultConfigurationName = Debug;
		};
		C52466C66702B55B24345A86 /* Build configuration list for PBXNativeTarget "LichSo" */ = {
			isa = XCConfigurationList;
			buildConfigurations = (
				5FA8F77A980BB01888C9BA85 /* Debug */,
				0331A9C58620CCD1FF0B44EE /* Release */,
			);
			defaultConfigurationIsVisible = 0;
			defaultConfigurationName = Debug;
		};
/* End XCConfigurationList section */
	};
	rootObject = 4FE620B2EDD9E82254721672 /* Project object */;
}
