// !$*UTF8*$!
{
	archiveVersion = 1;
	classes = {
	};
	objectVersion = 56;
	objects = {

/* Begin PBXBuildFile section */
		00DC584DB2DFE5FA4551504E /* StreakFreezeScreen.swift in Sources */ = {isa = PBXBuildFile; fileRef = C14C15C0AF051CF44B16A8B1 /* StreakFreezeScreen.swift */; };
		02913ECB43854E3204C285BF /* AddMemberScreen.swift in Sources */ = {isa = PBXBuildFile; fileRef = 7312B3722EA7F85646500026 /* AddMemberScreen.swift */; };
		03B34702D4749B42C0F41E1F /* DayActivityCalculator.swift in Sources */ = {isa = PBXBuildFile; fileRef = 4F9CA506A3D28BE479C6D71C /* DayActivityCalculator.swift */; };
		0606BBC6DA62E52250F9CD1F /* Secrets.plist in Resources */ = {isa = PBXBuildFile; fileRef = A5DADF6F33DA8E5685D00CCA /* Secrets.plist */; };
		0BB56E6E990BA4E9F69C37A6 /* EditProfileScreen.swift in Sources */ = {isa = PBXBuildFile; fileRef = 615C762027BA81ED79B33AB7 /* EditProfileScreen.swift */; };
		0C0405FF6C09C8D00BF4EB5A /* LichSoColors.swift in Sources */ = {isa = PBXBuildFile; fileRef = 2E38A3A1624BBFFC0016478B /* LichSoColors.swift */; };
		0F3A35C46CD3AB7328B89EB8 /* WorldClockScreen.swift in Sources */ = {isa = PBXBuildFile; fileRef = A37D9957B87272EFC9026B8C /* WorldClockScreen.swift */; };
		1D81C38E44CD320B85B708C2 /* LoBanScreen.swift in Sources */ = {isa = PBXBuildFile; fileRef = EB18C91A836693A15861182A /* LoBanScreen.swift */; };
		25550134916324BF3E776396 /* NoteDetailScreen.swift in Sources */ = {isa = PBXBuildFile; fileRef = 7075602CCDC0FECC2BA80A39 /* NoteDetailScreen.swift */; };
		272680AB06F3D91C9DEAC042 /* CountdownScreen.swift in Sources */ = {isa = PBXBuildFile; fileRef = 1CA215199521B2E4D3D9CAC5 /* CountdownScreen.swift */; };
		27B0339A09D3E4A6117E8EFF /* GoodDaysViewModel.swift in Sources */ = {isa = PBXBuildFile; fileRef = 424B366A6AEB29A91443B03D /* GoodDaysViewModel.swift */; };
		2C0D6C04526DF93D59A2694E /* LoginScreen.swift in Sources */ = {isa = PBXBuildFile; fileRef = DF72E1AB0CCE78551EF78E42 /* LoginScreen.swift */; };
		2C45F711AB324403040A0B0B /* NotesViewModel.swift in Sources */ = {isa = PBXBuildFile; fileRef = 911F4C501970B0AF4E7AB882 /* NotesViewModel.swift */; };
		31D1FC845E9B10F8D42C72F3 /* AIChatDayScreen.swift in Sources */ = {isa = PBXBuildFile; fileRef = 607FE3C10F6500DAFE5DC51F /* AIChatDayScreen.swift */; };
		348921A463410E8BDBAD2E0E /* SearchViewModel.swift in Sources */ = {isa = PBXBuildFile; fileRef = 00548586F3B34E136327A29D /* SearchViewModel.swift */; };
		34DABDEA1AC36D06A1581753 /* CalendarViewModel.swift in Sources */ = {isa = PBXBuildFile; fileRef = 128EB8EDAA425F59B3240836 /* CalendarViewModel.swift */; };
		354F474260EF10068F838CC2 /* FamilyTreeEntities.swift in Sources */ = {isa = PBXBuildFile; fileRef = AAA380A8D6AFEFE1B27F3B02 /* FamilyTreeEntities.swift */; };
		365B3FD7539F783E92B4A64F /* SmartRatingDialog.swift in Sources */ = {isa = PBXBuildFile; fileRef = CADA7E520F456F413885B0D1 /* SmartRatingDialog.swift */; };
		36AF9F31791580487BD54E15 /* LedgerScreen.swift in Sources */ = {isa = PBXBuildFile; fileRef = 508DDB96E1DB60CE518FF6BD /* LedgerScreen.swift */; };
		37BC430146D3E740D4F2A3C7 /* ProfileScreen.swift in Sources */ = {isa = PBXBuildFile; fileRef = 013BCDFBF7D322CFF49F749E /* ProfileScreen.swift */; };
		38B3E28E12023FC0669B489E /* GoogleAuthService.swift in Sources */ = {isa = PBXBuildFile; fileRef = E2824597C65DA0A794E139AC /* GoogleAuthService.swift */; };
		393754AEEB483B31F99AE8DB /* NoteEditScreen.swift in Sources */ = {isa = PBXBuildFile; fileRef = DC84D25C63802EB97616EA4F /* NoteEditScreen.swift */; };
		3A5EEF424F692F07425733ED /* SidebarView.swift in Sources */ = {isa = PBXBuildFile; fileRef = F1799EBC772C48637AD42F24 /* SidebarView.swift */; };
		3B8491E21589FBB105D71E6F /* ToolsScreen.swift in Sources */ = {isa = PBXBuildFile; fileRef = BA4498982E451D4215772D7E /* ToolsScreen.swift */; };
		3C30E4866BA5D531C28CBE25 /* QuizService.swift in Sources */ = {isa = PBXBuildFile; fileRef = 71B1D2FE6C69588BBE6676CB /* QuizService.swift */; };
		3CD4D7C8F0F8788D553FA8DF /* AppBackupManager.swift in Sources */ = {isa = PBXBuildFile; fileRef = B040263563AE450B6027CB2C /* AppBackupManager.swift */; };
		3CF5245C86A65CCE3A18F2DB /* TietKhiCalculator.swift in Sources */ = {isa = PBXBuildFile; fileRef = 49E7A7D3B2CB22933460A19A /* TietKhiCalculator.swift */; };
		3DA2EA7077F81B2F12E26359 /* TrucNgayCalculator.swift in Sources */ = {isa = PBXBuildFile; fileRef = E3DA281BBEF6121999D1BACE /* TrucNgayCalculator.swift */; };
		40A04BB51ADB93C39ABE7A20 /* EditMemberScreen.swift in Sources */ = {isa = PBXBuildFile; fileRef = D9E16B96B0750A04C80C5C93 /* EditMemberScreen.swift */; };
		417D2F6BE89E2365D05948C4 /* NotificationService.swift in Sources */ = {isa = PBXBuildFile; fileRef = F0BED7D59C7F2417DF7F0BF1 /* NotificationService.swift */; };
		4208F5D89AAAA7B4CF2A4399 /* FamilyTreeScreen.swift in Sources */ = {isa = PBXBuildFile; fileRef = 1C1F4826155B17D8147450E8 /* FamilyTreeScreen.swift */; };
		448EEA357B651FCACFEB16A4 /* Entities.swift in Sources */ = {isa = PBXBuildFile; fileRef = 1D0B8F636E3EEFF341E49FA1 /* Entities.swift */; };
		4727F739CCAEDCBEE5B732A3 /* TietKhiScreen.swift in Sources */ = {isa = PBXBuildFile; fileRef = E48D863D9E0E114B1852671E /* TietKhiScreen.swift */; };
		47D9F9263A75CFD185045E92 /* DateMathScreen.swift in Sources */ = {isa = PBXBuildFile; fileRef = 24A8607CA1473CC8D5C8F2A3 /* DateMathScreen.swift */; };
		4F1E9E2E9DD6D5C3DC4B7A65 /* DayInfo.swift in Sources */ = {isa = PBXBuildFile; fileRef = 8E3A008918AB073F3E9E814A /* DayInfo.swift */; };
		534EED30E98492A8A99A6680 /* OnboardingScreen.swift in Sources */ = {isa = PBXBuildFile; fileRef = 767365DB8ABBE7F25878D9E2 /* OnboardingScreen.swift */; };
		58A992ECE8BCBD5A342D388C /* WidgetManagerScreen.swift in Sources */ = {isa = PBXBuildFile; fileRef = 616D861600785A7D2EE65420 /* WidgetManagerScreen.swift */; };
		5B0A9D0FB3963EAAB89473D5 /* OpenRouterService.swift in Sources */ = {isa = PBXBuildFile; fileRef = BC8BB1FF7236546A57A18535 /* OpenRouterService.swift */; };
		5C5EAE2941B61F8AD49B5968 /* CanChiCalculator.swift in Sources */ = {isa = PBXBuildFile; fileRef = 0EA22790D85950594F2B10B6 /* CanChiCalculator.swift */; };
		5D7B6E74DD92B9D589CBB9FB /* SettingsViewModel.swift in Sources */ = {isa = PBXBuildFile; fileRef = DE6EAAB64DD1A2B9F9CBD952 /* SettingsViewModel.swift */; };
		601811C5EA86B62750B0C56E /* SettingsScreen.swift in Sources */ = {isa = PBXBuildFile; fileRef = 4A416710C8607E0961A2165E /* SettingsScreen.swift */; };
		611CCD6CA43B5E9DFCC259B7 /* NotificationScheduler.swift in Sources */ = {isa = PBXBuildFile; fileRef = A6777D0B69D2026696631A66 /* NotificationScheduler.swift */; };
		68436210BFF6CF11437B68F1 /* SmartRatingManager.swift in Sources */ = {isa = PBXBuildFile; fileRef = A1741B104CBAD166F843E776 /* SmartRatingManager.swift */; };
		6D0F3085C656F50BD7B3AC30 /* DatePickerToolScreen.swift in Sources */ = {isa = PBXBuildFile; fileRef = FC699794376FC2A877796E1C /* DatePickerToolScreen.swift */; };
		6FD8805BFF6AE0556D18850B /* SplashScreen.swift in Sources */ = {isa = PBXBuildFile; fileRef = 2FE133DEF8718B82DBB01618 /* SplashScreen.swift */; };
		708E334F83891A17FF5876B9 /* SearchScreen.swift in Sources */ = {isa = PBXBuildFile; fileRef = AE9720C2D479628AD7129305 /* SearchScreen.swift */; };
		74DF4D9D7B55DF6FBFDDD74D /* DayDetailScreen.swift in Sources */ = {isa = PBXBuildFile; fileRef = 9B8005E2AC8097D3861FC8E5 /* DayDetailScreen.swift */; };
		775303CA43F817F6F6D1A074 /* QuizModels.swift in Sources */ = {isa = PBXBuildFile; fileRef = E1131CE8A0BE282A368DE90E /* QuizModels.swift */; };
		78043E5E97B71808C47A98C2 /* Assets.xcassets in Resources */ = {isa = PBXBuildFile; fileRef = AAAA4AF562759515310DBFCA /* Assets.xcassets */; };
		7A56AD76C9011E256A0F8001 /* AIChatScreen.swift in Sources */ = {isa = PBXBuildFile; fileRef = D51B521FB551A9DC878518D0 /* AIChatScreen.swift */; };
		7BF650F8DEF6C126DA1E4843 /* GioHoangDaoCalculator.swift in Sources */ = {isa = PBXBuildFile; fileRef = 9DB5BBA404E27F6A8D0414C8 /* GioHoangDaoCalculator.swift */; };
		809DA9F51AF45C359F3E9C3B /* LichSoTheme.swift in Sources */ = {isa = PBXBuildFile; fileRef = FC06C3F8221F37260A583D08 /* LichSoTheme.swift */; };
		80C14B1F8566393704901DC6 /* ApiErrorUX.swift in Sources */ = {isa = PBXBuildFile; fileRef = BEFB45173767075CB250DFF5 /* ApiErrorUX.swift */; };
		89E9FEAA798F7760509E35BC /* QuizSessionScreen.swift in Sources */ = {isa = PBXBuildFile; fileRef = 6A38E404907D7AF27AA195E8 /* QuizSessionScreen.swift */; };
		8C3D0A7F268042C87B6857AD /* CompassScreen.swift in Sources */ = {isa = PBXBuildFile; fileRef = 2D4BFCFEDD07D8BF02260723 /* CompassScreen.swift */; };
		8E17F23F31DE7B4683D276C3 /* ChatViewModel.swift in Sources */ = {isa = PBXBuildFile; fileRef = 2CE0E5DD474085BBF1615072 /* ChatViewModel.swift */; };
		909F9FB63F6DC0D03E2A3E3F /* ZodiacCollectionScreen.swift in Sources */ = {isa = PBXBuildFile; fileRef = D3919B518797DB317747AB9D /* ZodiacCollectionScreen.swift */; };
		95BC6BADBEF2A2C24552514E /* ThisDayInHistoryScreen.swift in Sources */ = {isa = PBXBuildFile; fileRef = 7B393C1BA7E97CEA0EBFA18F /* ThisDayInHistoryScreen.swift */; };
		9AF1B5FD4984FE3905FBCC0B /* LunarCalendarUtil.swift in Sources */ = {isa = PBXBuildFile; fileRef = C1ABBE6E5AC7CD94D9318805 /* LunarCalendarUtil.swift */; };
		9CF28DC8E1A3E5535AF273B8 /* CalendarScreen.swift in Sources */ = {isa = PBXBuildFile; fileRef = 43E79492732BD1220E21EC8B /* CalendarScreen.swift */; };
		9CF2C97064BABFBFB511714C /* BirthDatePlannerScreen.swift in Sources */ = {isa = PBXBuildFile; fileRef = BF8177C606D622CB2CAD7B85 /* BirthDatePlannerScreen.swift */; };
		9D317C252E37B0C6FA72A152 /* DayInfoProvider.swift in Sources */ = {isa = PBXBuildFile; fileRef = 8A6BF431064FA30B0BAA1E6A /* DayInfoProvider.swift */; };
		A3B991DAD115017C2804EBFF /* FamilySettingsScreen.swift in Sources */ = {isa = PBXBuildFile; fileRef = B0549AFFD508D869EA6DCA28 /* FamilySettingsScreen.swift */; };
		A71CD56ECFCD9BAE586B3356 /* FamilyTreeViewModel.swift in Sources */ = {isa = PBXBuildFile; fileRef = A5273377A75F1B411F7D233C /* FamilyTreeViewModel.swift */; };
		A7B2B13767DB8D537B18663E /* BatTrachScreen.swift in Sources */ = {isa = PBXBuildFile; fileRef = F478AAC9BB6851E056ABFA9F /* BatTrachScreen.swift */; };
		B478D9B8B00A6A0558EA209E /* FengShuiCalculators.swift in Sources */ = {isa = PBXBuildFile; fileRef = 1BBD0477ABF4C275972C833B /* FengShuiCalculators.swift */; };
		B5D4C884D2E074DD64A42DBF /* NotificationsViewModel.swift in Sources */ = {isa = PBXBuildFile; fileRef = 51CA97503A2310EA63E83D19 /* NotificationsViewModel.swift */; };
		B69316A7353CE219B01FA014 /* AiFab.swift in Sources */ = {isa = PBXBuildFile; fileRef = D447CB54FA81CC14E285C354 /* AiFab.swift */; };
		B8B10751BC8E744592C6C6ED /* DailyUnlockStoreScreen.swift in Sources */ = {isa = PBXBuildFile; fileRef = 87DFDB96C2D129D9736FC4F0 /* DailyUnlockStoreScreen.swift */; };
		C15328ABD69474C6DD0798B4 /* PrayerDetailScreen.swift in Sources */ = {isa = PBXBuildFile; fileRef = 4C78E9DBD61380D2BE59A707 /* PrayerDetailScreen.swift */; };
		C164E22A15005C2A0608F3E1 /* PointsTutorialScreen.swift in Sources */ = {isa = PBXBuildFile; fileRef = 1183755B09F2BDB52639EC6A /* PointsTutorialScreen.swift */; };
		C1AFEEDC45C896A8CA7E2804 /* VietnameseQuotes.swift in Sources */ = {isa = PBXBuildFile; fileRef = DCFC3FC29504BDE56CA31FCC /* VietnameseQuotes.swift */; };
		C4611EFA4B1BC39DB9E47EA3 /* ArticleDetailScreen.swift in Sources */ = {isa = PBXBuildFile; fileRef = 13D7EEAA7A35C6E6263E4520 /* ArticleDetailScreen.swift */; };
		C6084E4123C4A4932C2AA80C /* HomeScreen.swift in Sources */ = {isa = PBXBuildFile; fileRef = F67FB9232C75342E3A7EBC32 /* HomeScreen.swift */; };
		C6EAD1D796F656BA26F02009 /* MemorialDetailScreen.swift in Sources */ = {isa = PBXBuildFile; fileRef = EC00695D23ED31878D3E6A3A /* MemorialDetailScreen.swift */; };
		CF54AFCE50C549B3C8A81CBF /* QuizHomeScreen.swift in Sources */ = {isa = PBXBuildFile; fileRef = CB62F4A6F62F17547A7C2D83 /* QuizHomeScreen.swift */; };
		D3C3D1AE42BFC38628334F52 /* CycleTrackerScreen.swift in Sources */ = {isa = PBXBuildFile; fileRef = F56D24D0DC43BB60FCAC0C42 /* CycleTrackerScreen.swift */; };
		D438760B34B6ABD13D322317 /* QuizResultScreen.swift in Sources */ = {isa = PBXBuildFile; fileRef = 5C27FD10762E6ACA3B913732 /* QuizResultScreen.swift */; };
		D72E88B8F8117E1DA150A13C /* MoonPhaseCalculator.swift in Sources */ = {isa = PBXBuildFile; fileRef = DC09BCC2828C507CB093B978 /* MoonPhaseCalculator.swift */; };
		D951637F6C9FE1BA3EA80265 /* HolidayUtil.swift in Sources */ = {isa = PBXBuildFile; fileRef = E135145EE665303C156796B8 /* HolidayUtil.swift */; };
		DD95B3E5145EEED2CC517A3C /* PrayersData.swift in Sources */ = {isa = PBXBuildFile; fileRef = 7C59A04EFC9969190A51E52D /* PrayersData.swift */; };
		E03FC3BCAA473F75714948D5 /* LichSoApp.swift in Sources */ = {isa = PBXBuildFile; fileRef = 2890D46FFC782DE1D00CC205 /* LichSoApp.swift */; };
		E0EF97491A48B97CC1148080 /* SaoChieuCalculator.swift in Sources */ = {isa = PBXBuildFile; fileRef = 2D644F93B7DB6A8CB6326CE8 /* SaoChieuCalculator.swift */; };
		E5EC73F81734F6D9C2F57467 /* PrayersScreen.swift in Sources */ = {isa = PBXBuildFile; fileRef = FEC7CD77CA1D9E6CD9360435 /* PrayersScreen.swift */; };
		E69CD0EB5F364120B8ADB926 /* CachedAsyncImage.swift in Sources */ = {isa = PBXBuildFile; fileRef = 128FAF50394C317AA5B4A0A7 /* CachedAsyncImage.swift */; };
		E6E35D9B1502F6DA9D8AB654 /* MainTabView.swift in Sources */ = {isa = PBXBuildFile; fileRef = DA14FF79E17D5D0C152A3111 /* MainTabView.swift */; };
		E8CE44FFD5916DFBB01EA9CB /* GoodDaysScreen.swift in Sources */ = {isa = PBXBuildFile; fileRef = C691F75D68A8E71ED4870E79 /* GoodDaysScreen.swift */; };
		EA852DDADDF8ACDFB55D3E05 /* KnowledgeFeedScreen.swift in Sources */ = {isa = PBXBuildFile; fileRef = 98326A1F595979162213E852 /* KnowledgeFeedScreen.swift */; };
		EC910562466B1651C333B24F /* HistoricalEventProvider.swift in Sources */ = {isa = PBXBuildFile; fileRef = 92545536E1C8386D22AD0C15 /* HistoricalEventProvider.swift */; };
		EE6588FF61720833532355BA /* NotificationsScreen.swift in Sources */ = {isa = PBXBuildFile; fileRef = 64E8B1C36E54CE5C21D9D43B /* NotificationsScreen.swift */; };
		EFE49FB4EF0BE73B07C61E92 /* MemberDetailScreen.swift in Sources */ = {isa = PBXBuildFile; fileRef = EB29DEE0138757F92AA5422B /* MemberDetailScreen.swift */; };
		F55184E50AF7EBFF2AEA5ACD /* WeatherService.swift in Sources */ = {isa = PBXBuildFile; fileRef = A491DFE411760371D07A241D /* WeatherService.swift */; };
		FA4F02F075A985C3F5849AB5 /* WeatherDetailSheet.swift in Sources */ = {isa = PBXBuildFile; fileRef = 20549C413DA7D66433ECCD4A /* WeatherDetailSheet.swift */; };
		FD3CE55D3EAEB11BFBCBD659 /* HomeViewModel.swift in Sources */ = {isa = PBXBuildFile; fileRef = E16D7491EFEE4C38BED9A3E0 /* HomeViewModel.swift */; };
		FE0141E0968E97FEF623F52E /* LeaderboardScreen.swift in Sources */ = {isa = PBXBuildFile; fileRef = F7E12B705AF3756BD5D0EB99 /* LeaderboardScreen.swift */; };
		FE2E59CD4CD4EDC2864BDCB8 /* OracleDrawScreen.swift in Sources */ = {isa = PBXBuildFile; fileRef = F4D91A00913CD736D1DF785A /* OracleDrawScreen.swift */; };
		FF0958BF6F5753F935BDE092 /* EditProfileViewModel.swift in Sources */ = {isa = PBXBuildFile; fileRef = F7A8D38F392B0FE34370C7F2 /* EditProfileViewModel.swift */; };
		FF5281B92BFCBADC26FB4910 /* PickMemberScreen.swift in Sources */ = {isa = PBXBuildFile; fileRef = DF711F30CE426E7033BC5F7C /* PickMemberScreen.swift */; };
		FF98835805F91722777332AA /* NotesScreen.swift in Sources */ = {isa = PBXBuildFile; fileRef = 0A1C368C0ED86930A5578E2C /* NotesScreen.swift */; };
/* End PBXBuildFile section */

/* Begin PBXFileReference section */
		00548586F3B34E136327A29D /* SearchViewModel.swift */ = {isa = PBXFileReference; lastKnownFileType = sourcecode.swift; path = SearchViewModel.swift; sourceTree = "<group>"; };
		013BCDFBF7D322CFF49F749E /* ProfileScreen.swift */ = {isa = PBXFileReference; lastKnownFileType = sourcecode.swift; path = ProfileScreen.swift; sourceTree = "<group>"; };
		0A1C368C0ED86930A5578E2C /* NotesScreen.swift */ = {isa = PBXFileReference; lastKnownFileType = sourcecode.swift; path = NotesScreen.swift; sourceTree = "<group>"; };
		0EA22790D85950594F2B10B6 /* CanChiCalculator.swift */ = {isa = PBXFileReference; lastKnownFileType = sourcecode.swift; path = CanChiCalculator.swift; sourceTree = "<group>"; };
		1183755B09F2BDB52639EC6A /* PointsTutorialScreen.swift */ = {isa = PBXFileReference; lastKnownFileType = sourcecode.swift; path = PointsTutorialScreen.swift; sourceTree = "<group>"; };
		128EB8EDAA425F59B3240836 /* CalendarViewModel.swift */ = {isa = PBXFileReference; lastKnownFileType = sourcecode.swift; path = CalendarViewModel.swift; sourceTree = "<group>"; };
		128FAF50394C317AA5B4A0A7 /* CachedAsyncImage.swift */ = {isa = PBXFileReference; lastKnownFileType = sourcecode.swift; path = CachedAsyncImage.swift; sourceTree = "<group>"; };
		12CC88B054C517B8F62A7958 /* Preview Assets.xcassets */ = {isa = PBXFileReference; lastKnownFileType = folder.assetcatalog; path = "Preview Assets.xcassets"; sourceTree = "<group>"; };
		13D7EEAA7A35C6E6263E4520 /* ArticleDetailScreen.swift */ = {isa = PBXFileReference; lastKnownFileType = sourcecode.swift; path = ArticleDetailScreen.swift; sourceTree = "<group>"; };
		1BBD0477ABF4C275972C833B /* FengShuiCalculators.swift */ = {isa = PBXFileReference; lastKnownFileType = sourcecode.swift; path = FengShuiCalculators.swift; sourceTree = "<group>"; };
		1C1F4826155B17D8147450E8 /* FamilyTreeScreen.swift */ = {isa = PBXFileReference; lastKnownFileType = sourcecode.swift; path = FamilyTreeScreen.swift; sourceTree = "<group>"; };
		1CA215199521B2E4D3D9CAC5 /* CountdownScreen.swift */ = {isa = PBXFileReference; lastKnownFileType = sourcecode.swift; path = CountdownScreen.swift; sourceTree = "<group>"; };
		1D0B8F636E3EEFF341E49FA1 /* Entities.swift */ = {isa = PBXFileReference; lastKnownFileType = sourcecode.swift; path = Entities.swift; sourceTree = "<group>"; };
		20549C413DA7D66433ECCD4A /* WeatherDetailSheet.swift */ = {isa = PBXFileReference; lastKnownFileType = sourcecode.swift; path = WeatherDetailSheet.swift; sourceTree = "<group>"; };
		24A8607CA1473CC8D5C8F2A3 /* DateMathScreen.swift */ = {isa = PBXFileReference; lastKnownFileType = sourcecode.swift; path = DateMathScreen.swift; sourceTree = "<group>"; };
		2890D46FFC782DE1D00CC205 /* LichSoApp.swift */ = {isa = PBXFileReference; lastKnownFileType = sourcecode.swift; path = LichSoApp.swift; sourceTree = "<group>"; };
		2CE0E5DD474085BBF1615072 /* ChatViewModel.swift */ = {isa = PBXFileReference; lastKnownFileType = sourcecode.swift; path = ChatViewModel.swift; sourceTree = "<group>"; };
		2D4BFCFEDD07D8BF02260723 /* CompassScreen.swift */ = {isa = PBXFileReference; lastKnownFileType = sourcecode.swift; path = CompassScreen.swift; sourceTree = "<group>"; };
		2D644F93B7DB6A8CB6326CE8 /* SaoChieuCalculator.swift */ = {isa = PBXFileReference; lastKnownFileType = sourcecode.swift; path = SaoChieuCalculator.swift; sourceTree = "<group>"; };
		2E38A3A1624BBFFC0016478B /* LichSoColors.swift */ = {isa = PBXFileReference; lastKnownFileType = sourcecode.swift; path = LichSoColors.swift; sourceTree = "<group>"; };
		2FE133DEF8718B82DBB01618 /* SplashScreen.swift */ = {isa = PBXFileReference; lastKnownFileType = sourcecode.swift; path = SplashScreen.swift; sourceTree = "<group>"; };
		424B366A6AEB29A91443B03D /* GoodDaysViewModel.swift */ = {isa = PBXFileReference; lastKnownFileType = sourcecode.swift; path = GoodDaysViewModel.swift; sourceTree = "<group>"; };
		43E79492732BD1220E21EC8B /* CalendarScreen.swift */ = {isa = PBXFileReference; lastKnownFileType = sourcecode.swift; path = CalendarScreen.swift; sourceTree = "<group>"; };
		49A9D71362F36FBB79BA0790 /* Info.plist */ = {isa = PBXFileReference; lastKnownFileType = text.plist.xml; path = Info.plist; sourceTree = "<group>"; };
		49E7A7D3B2CB22933460A19A /* TietKhiCalculator.swift */ = {isa = PBXFileReference; lastKnownFileType = sourcecode.swift; path = TietKhiCalculator.swift; sourceTree = "<group>"; };
		4A416710C8607E0961A2165E /* SettingsScreen.swift */ = {isa = PBXFileReference; lastKnownFileType = sourcecode.swift; path = SettingsScreen.swift; sourceTree = "<group>"; };
		4C78E9DBD61380D2BE59A707 /* PrayerDetailScreen.swift */ = {isa = PBXFileReference; lastKnownFileType = sourcecode.swift; path = PrayerDetailScreen.swift; sourceTree = "<group>"; };
		4F9CA506A3D28BE479C6D71C /* DayActivityCalculator.swift */ = {isa = PBXFileReference; lastKnownFileType = sourcecode.swift; path = DayActivityCalculator.swift; sourceTree = "<group>"; };
		508DDB96E1DB60CE518FF6BD /* LedgerScreen.swift */ = {isa = PBXFileReference; lastKnownFileType = sourcecode.swift; path = LedgerScreen.swift; sourceTree = "<group>"; };
		51CA97503A2310EA63E83D19 /* NotificationsViewModel.swift */ = {isa = PBXFileReference; lastKnownFileType = sourcecode.swift; path = NotificationsViewModel.swift; sourceTree = "<group>"; };
		5C27FD10762E6ACA3B913732 /* QuizResultScreen.swift */ = {isa = PBXFileReference; lastKnownFileType = sourcecode.swift; path = QuizResultScreen.swift; sourceTree = "<group>"; };
		607FE3C10F6500DAFE5DC51F /* AIChatDayScreen.swift */ = {isa = PBXFileReference; lastKnownFileType = sourcecode.swift; path = AIChatDayScreen.swift; sourceTree = "<group>"; };
		615C762027BA81ED79B33AB7 /* EditProfileScreen.swift */ = {isa = PBXFileReference; lastKnownFileType = sourcecode.swift; path = EditProfileScreen.swift; sourceTree = "<group>"; };
		616D861600785A7D2EE65420 /* WidgetManagerScreen.swift */ = {isa = PBXFileReference; lastKnownFileType = sourcecode.swift; path = WidgetManagerScreen.swift; sourceTree = "<group>"; };
		64E8B1C36E54CE5C21D9D43B /* NotificationsScreen.swift */ = {isa = PBXFileReference; lastKnownFileType = sourcecode.swift; path = NotificationsScreen.swift; sourceTree = "<group>"; };
		6A38E404907D7AF27AA195E8 /* QuizSessionScreen.swift */ = {isa = PBXFileReference; lastKnownFileType = sourcecode.swift; path = QuizSessionScreen.swift; sourceTree = "<group>"; };
		6C2A42273B6B3D3E221449D2 /* LichSo.app */ = {isa = PBXFileReference; explicitFileType = wrapper.application; includeInIndex = 0; path = LichSo.app; sourceTree = BUILT_PRODUCTS_DIR; };
		7075602CCDC0FECC2BA80A39 /* NoteDetailScreen.swift */ = {isa = PBXFileReference; lastKnownFileType = sourcecode.swift; path = NoteDetailScreen.swift; sourceTree = "<group>"; };
		71B1D2FE6C69588BBE6676CB /* QuizService.swift */ = {isa = PBXFileReference; lastKnownFileType = sourcecode.swift; path = QuizService.swift; sourceTree = "<group>"; };
		7312B3722EA7F85646500026 /* AddMemberScreen.swift */ = {isa = PBXFileReference; lastKnownFileType = sourcecode.swift; path = AddMemberScreen.swift; sourceTree = "<group>"; };
		767365DB8ABBE7F25878D9E2 /* OnboardingScreen.swift */ = {isa = PBXFileReference; lastKnownFileType = sourcecode.swift; path = OnboardingScreen.swift; sourceTree = "<group>"; };
		7B393C1BA7E97CEA0EBFA18F /* ThisDayInHistoryScreen.swift */ = {isa = PBXFileReference; lastKnownFileType = sourcecode.swift; path = ThisDayInHistoryScreen.swift; sourceTree = "<group>"; };
		7C59A04EFC9969190A51E52D /* PrayersData.swift */ = {isa = PBXFileReference; lastKnownFileType = sourcecode.swift; path = PrayersData.swift; sourceTree = "<group>"; };
		87DFDB96C2D129D9736FC4F0 /* DailyUnlockStoreScreen.swift */ = {isa = PBXFileReference; lastKnownFileType = sourcecode.swift; path = DailyUnlockStoreScreen.swift; sourceTree = "<group>"; };
		8A6BF431064FA30B0BAA1E6A /* DayInfoProvider.swift */ = {isa = PBXFileReference; lastKnownFileType = sourcecode.swift; path = DayInfoProvider.swift; sourceTree = "<group>"; };
		8E3A008918AB073F3E9E814A /* DayInfo.swift */ = {isa = PBXFileReference; lastKnownFileType = sourcecode.swift; path = DayInfo.swift; sourceTree = "<group>"; };
		911F4C501970B0AF4E7AB882 /* NotesViewModel.swift */ = {isa = PBXFileReference; lastKnownFileType = sourcecode.swift; path = NotesViewModel.swift; sourceTree = "<group>"; };
		92545536E1C8386D22AD0C15 /* HistoricalEventProvider.swift */ = {isa = PBXFileReference; lastKnownFileType = sourcecode.swift; path = HistoricalEventProvider.swift; sourceTree = "<group>"; };
		98326A1F595979162213E852 /* KnowledgeFeedScreen.swift */ = {isa = PBXFileReference; lastKnownFileType = sourcecode.swift; path = KnowledgeFeedScreen.swift; sourceTree = "<group>"; };
		9B8005E2AC8097D3861FC8E5 /* DayDetailScreen.swift */ = {isa = PBXFileReference; lastKnownFileType = sourcecode.swift; path = DayDetailScreen.swift; sourceTree = "<group>"; };
		9DB5BBA404E27F6A8D0414C8 /* GioHoangDaoCalculator.swift */ = {isa = PBXFileReference; lastKnownFileType = sourcecode.swift; path = GioHoangDaoCalculator.swift; sourceTree = "<group>"; };
		A1741B104CBAD166F843E776 /* SmartRatingManager.swift */ = {isa = PBXFileReference; lastKnownFileType = sourcecode.swift; path = SmartRatingManager.swift; sourceTree = "<group>"; };
		A37D9957B87272EFC9026B8C /* WorldClockScreen.swift */ = {isa = PBXFileReference; lastKnownFileType = sourcecode.swift; path = WorldClockScreen.swift; sourceTree = "<group>"; };
		A491DFE411760371D07A241D /* WeatherService.swift */ = {isa = PBXFileReference; lastKnownFileType = sourcecode.swift; path = WeatherService.swift; sourceTree = "<group>"; };
		A5273377A75F1B411F7D233C /* FamilyTreeViewModel.swift */ = {isa = PBXFileReference; lastKnownFileType = sourcecode.swift; path = FamilyTreeViewModel.swift; sourceTree = "<group>"; };
		A5DADF6F33DA8E5685D00CCA /* Secrets.plist */ = {isa = PBXFileReference; lastKnownFileType = text.plist.xml; path = Secrets.plist; sourceTree = "<group>"; };
		A6777D0B69D2026696631A66 /* NotificationScheduler.swift */ = {isa = PBXFileReference; lastKnownFileType = sourcecode.swift; path = NotificationScheduler.swift; sourceTree = "<group>"; };
		AAA380A8D6AFEFE1B27F3B02 /* FamilyTreeEntities.swift */ = {isa = PBXFileReference; lastKnownFileType = sourcecode.swift; path = FamilyTreeEntities.swift; sourceTree = "<group>"; };
		AAAA4AF562759515310DBFCA /* Assets.xcassets */ = {isa = PBXFileReference; lastKnownFileType = folder.assetcatalog; path = Assets.xcassets; sourceTree = "<group>"; };
		AE9720C2D479628AD7129305 /* SearchScreen.swift */ = {isa = PBXFileReference; lastKnownFileType = sourcecode.swift; path = SearchScreen.swift; sourceTree = "<group>"; };
		B040263563AE450B6027CB2C /* AppBackupManager.swift */ = {isa = PBXFileReference; lastKnownFileType = sourcecode.swift; path = AppBackupManager.swift; sourceTree = "<group>"; };
		B0549AFFD508D869EA6DCA28 /* FamilySettingsScreen.swift */ = {isa = PBXFileReference; lastKnownFileType = sourcecode.swift; path = FamilySettingsScreen.swift; sourceTree = "<group>"; };
		BA4498982E451D4215772D7E /* ToolsScreen.swift */ = {isa = PBXFileReference; lastKnownFileType = sourcecode.swift; path = ToolsScreen.swift; sourceTree = "<group>"; };
		BC8BB1FF7236546A57A18535 /* OpenRouterService.swift */ = {isa = PBXFileReference; lastKnownFileType = sourcecode.swift; path = OpenRouterService.swift; sourceTree = "<group>"; };
		BEFB45173767075CB250DFF5 /* ApiErrorUX.swift */ = {isa = PBXFileReference; includeInIndex = 1; lastKnownFileType = sourcecode.swift; path = ApiErrorUX.swift; sourceTree = "<group>"; };
		BF8177C606D622CB2CAD7B85 /* BirthDatePlannerScreen.swift */ = {isa = PBXFileReference; lastKnownFileType = sourcecode.swift; path = BirthDatePlannerScreen.swift; sourceTree = "<group>"; };
		C14C15C0AF051CF44B16A8B1 /* StreakFreezeScreen.swift */ = {isa = PBXFileReference; lastKnownFileType = sourcecode.swift; path = StreakFreezeScreen.swift; sourceTree = "<group>"; };
		C1ABBE6E5AC7CD94D9318805 /* LunarCalendarUtil.swift */ = {isa = PBXFileReference; lastKnownFileType = sourcecode.swift; path = LunarCalendarUtil.swift; sourceTree = "<group>"; };
		C691F75D68A8E71ED4870E79 /* GoodDaysScreen.swift */ = {isa = PBXFileReference; lastKnownFileType = sourcecode.swift; path = GoodDaysScreen.swift; sourceTree = "<group>"; };
		CADA7E520F456F413885B0D1 /* SmartRatingDialog.swift */ = {isa = PBXFileReference; lastKnownFileType = sourcecode.swift; path = SmartRatingDialog.swift; sourceTree = "<group>"; };
		CB62F4A6F62F17547A7C2D83 /* QuizHomeScreen.swift */ = {isa = PBXFileReference; lastKnownFileType = sourcecode.swift; path = QuizHomeScreen.swift; sourceTree = "<group>"; };
		D3919B518797DB317747AB9D /* ZodiacCollectionScreen.swift */ = {isa = PBXFileReference; lastKnownFileType = sourcecode.swift; path = ZodiacCollectionScreen.swift; sourceTree = "<group>"; };
		D447CB54FA81CC14E285C354 /* AiFab.swift */ = {isa = PBXFileReference; lastKnownFileType = sourcecode.swift; path = AiFab.swift; sourceTree = "<group>"; };
		D51B521FB551A9DC878518D0 /* AIChatScreen.swift */ = {isa = PBXFileReference; lastKnownFileType = sourcecode.swift; path = AIChatScreen.swift; sourceTree = "<group>"; };
		D9E16B96B0750A04C80C5C93 /* EditMemberScreen.swift */ = {isa = PBXFileReference; lastKnownFileType = sourcecode.swift; path = EditMemberScreen.swift; sourceTree = "<group>"; };
		DA14FF79E17D5D0C152A3111 /* MainTabView.swift */ = {isa = PBXFileReference; lastKnownFileType = sourcecode.swift; path = MainTabView.swift; sourceTree = "<group>"; };
		DC09BCC2828C507CB093B978 /* MoonPhaseCalculator.swift */ = {isa = PBXFileReference; lastKnownFileType = sourcecode.swift; path = MoonPhaseCalculator.swift; sourceTree = "<group>"; };
		DC84D25C63802EB97616EA4F /* NoteEditScreen.swift */ = {isa = PBXFileReference; lastKnownFileType = sourcecode.swift; path = NoteEditScreen.swift; sourceTree = "<group>"; };
		DCFC3FC29504BDE56CA31FCC /* VietnameseQuotes.swift */ = {isa = PBXFileReference; lastKnownFileType = sourcecode.swift; path = VietnameseQuotes.swift; sourceTree = "<group>"; };
		DE6EAAB64DD1A2B9F9CBD952 /* SettingsViewModel.swift */ = {isa = PBXFileReference; lastKnownFileType = sourcecode.swift; path = SettingsViewModel.swift; sourceTree = "<group>"; };
		DF711F30CE426E7033BC5F7C /* PickMemberScreen.swift */ = {isa = PBXFileReference; lastKnownFileType = sourcecode.swift; path = PickMemberScreen.swift; sourceTree = "<group>"; };
		DF72E1AB0CCE78551EF78E42 /* LoginScreen.swift */ = {isa = PBXFileReference; lastKnownFileType = sourcecode.swift; path = LoginScreen.swift; sourceTree = "<group>"; };
		E1131CE8A0BE282A368DE90E /* QuizModels.swift */ = {isa = PBXFileReference; lastKnownFileType = sourcecode.swift; path = QuizModels.swift; sourceTree = "<group>"; };
		E135145EE665303C156796B8 /* HolidayUtil.swift */ = {isa = PBXFileReference; lastKnownFileType = sourcecode.swift; path = HolidayUtil.swift; sourceTree = "<group>"; };
		E16D7491EFEE4C38BED9A3E0 /* HomeViewModel.swift */ = {isa = PBXFileReference; lastKnownFileType = sourcecode.swift; path = HomeViewModel.swift; sourceTree = "<group>"; };
		E2824597C65DA0A794E139AC /* GoogleAuthService.swift */ = {isa = PBXFileReference; lastKnownFileType = sourcecode.swift; path = GoogleAuthService.swift; sourceTree = "<group>"; };
		E3DA281BBEF6121999D1BACE /* TrucNgayCalculator.swift */ = {isa = PBXFileReference; lastKnownFileType = sourcecode.swift; path = TrucNgayCalculator.swift; sourceTree = "<group>"; };
		E48D863D9E0E114B1852671E /* TietKhiScreen.swift */ = {isa = PBXFileReference; lastKnownFileType = sourcecode.swift; path = TietKhiScreen.swift; sourceTree = "<group>"; };
		EB18C91A836693A15861182A /* LoBanScreen.swift */ = {isa = PBXFileReference; lastKnownFileType = sourcecode.swift; path = LoBanScreen.swift; sourceTree = "<group>"; };
		EB29DEE0138757F92AA5422B /* MemberDetailScreen.swift */ = {isa = PBXFileReference; lastKnownFileType = sourcecode.swift; path = MemberDetailScreen.swift; sourceTree = "<group>"; };
		EC00695D23ED31878D3E6A3A /* MemorialDetailScreen.swift */ = {isa = PBXFileReference; lastKnownFileType = sourcecode.swift; path = MemorialDetailScreen.swift; sourceTree = "<group>"; };
		F0BED7D59C7F2417DF7F0BF1 /* NotificationService.swift */ = {isa = PBXFileReference; lastKnownFileType = sourcecode.swift; path = NotificationService.swift; sourceTree = "<group>"; };
		F1799EBC772C48637AD42F24 /* SidebarView.swift */ = {isa = PBXFileReference; lastKnownFileType = sourcecode.swift; path = SidebarView.swift; sourceTree = "<group>"; };
		F478AAC9BB6851E056ABFA9F /* BatTrachScreen.swift */ = {isa = PBXFileReference; lastKnownFileType = sourcecode.swift; path = BatTrachScreen.swift; sourceTree = "<group>"; };
		F4D91A00913CD736D1DF785A /* OracleDrawScreen.swift */ = {isa = PBXFileReference; lastKnownFileType = sourcecode.swift; path = OracleDrawScreen.swift; sourceTree = "<group>"; };
		F56D24D0DC43BB60FCAC0C42 /* CycleTrackerScreen.swift */ = {isa = PBXFileReference; lastKnownFileType = sourcecode.swift; path = CycleTrackerScreen.swift; sourceTree = "<group>"; };
		F67FB9232C75342E3A7EBC32 /* HomeScreen.swift */ = {isa = PBXFileReference; lastKnownFileType = sourcecode.swift; path = HomeScreen.swift; sourceTree = "<group>"; };
		F7A8D38F392B0FE34370C7F2 /* EditProfileViewModel.swift */ = {isa = PBXFileReference; lastKnownFileType = sourcecode.swift; path = EditProfileViewModel.swift; sourceTree = "<group>"; };
		F7E12B705AF3756BD5D0EB99 /* LeaderboardScreen.swift */ = {isa = PBXFileReference; lastKnownFileType = sourcecode.swift; path = LeaderboardScreen.swift; sourceTree = "<group>"; };
		FC06C3F8221F37260A583D08 /* LichSoTheme.swift */ = {isa = PBXFileReference; lastKnownFileType = sourcecode.swift; path = LichSoTheme.swift; sourceTree = "<group>"; };
		FC699794376FC2A877796E1C /* DatePickerToolScreen.swift */ = {isa = PBXFileReference; lastKnownFileType = sourcecode.swift; path = DatePickerToolScreen.swift; sourceTree = "<group>"; };
		FEC7CD77CA1D9E6CD9360435 /* PrayersScreen.swift */ = {isa = PBXFileReference; lastKnownFileType = sourcecode.swift; path = PrayersScreen.swift; sourceTree = "<group>"; };
/* End PBXFileReference section */

/* Begin PBXFrameworksBuildPhase section */
		C218A59285A68547BAC761D4 /* Frameworks */ = {
			isa = PBXFrameworksBuildPhase;
			buildActionMask = 2147483647;
			files = (
			);
			runOnlyForDeploymentPostprocessing = 0;
		};
/* End PBXFrameworksBuildPhase section */

/* Begin PBXGroup section */
		0370DD7B1B1B9669D0D6575B /* Settings */ = {
			isa = PBXGroup;
			children = (
				4A416710C8607E0961A2165E /* SettingsScreen.swift */,
				DE6EAAB64DD1A2B9F9CBD952 /* SettingsViewModel.swift */,
			);
			path = Settings;
			sourceTree = "<group>";
		};
		1DACB2E0B0B6910FC5711D3A /* Theme */ = {
			isa = PBXGroup;
			children = (
				2E38A3A1624BBFFC0016478B /* LichSoColors.swift */,
				FC06C3F8221F37260A583D08 /* LichSoTheme.swift */,
			);
			path = Theme;
			sourceTree = "<group>";
		};
		20FAB027EC7364B63DC9FB0C /* Notifications */ = {
			isa = PBXGroup;
			children = (
				A6777D0B69D2026696631A66 /* NotificationScheduler.swift */,
				F0BED7D59C7F2417DF7F0BF1 /* NotificationService.swift */,
				64E8B1C36E54CE5C21D9D43B /* NotificationsScreen.swift */,
				51CA97503A2310EA63E83D19 /* NotificationsViewModel.swift */,
			);
			path = Notifications;
			sourceTree = "<group>";
		};
		29308DC0EB1E175465318A4B /* Chat */ = {
			isa = PBXGroup;
			children = (
				607FE3C10F6500DAFE5DC51F /* AIChatDayScreen.swift */,
				D51B521FB551A9DC878518D0 /* AIChatScreen.swift */,
				D447CB54FA81CC14E285C354 /* AiFab.swift */,
				2CE0E5DD474085BBF1615072 /* ChatViewModel.swift */,
			);
			path = Chat;
			sourceTree = "<group>";
		};
		2CF1E99846710008C2B159DF /* Calendar */ = {
			isa = PBXGroup;
			children = (
				43E79492732BD1220E21EC8B /* CalendarScreen.swift */,
				128EB8EDAA425F59B3240836 /* CalendarViewModel.swift */,
				9B8005E2AC8097D3861FC8E5 /* DayDetailScreen.swift */,
			);
			path = Calendar;
			sourceTree = "<group>";
		};
		32E7F54A889A3AE6DF4A14C0 /* GoodDays */ = {
			isa = PBXGroup;
			children = (
				C691F75D68A8E71ED4870E79 /* GoodDaysScreen.swift */,
				424B366A6AEB29A91443B03D /* GoodDaysViewModel.swift */,
			);
			path = GoodDays;
			sourceTree = "<group>";
		};
		352F92EC29EBAA92512CF185 /* AI */ = {
			isa = PBXGroup;
			children = (
				BC8BB1FF7236546A57A18535 /* OpenRouterService.swift */,
			);
			path = AI;
			sourceTree = "<group>";
		};
		3E154EB909732D529288CE59 /* Model */ = {
			isa = PBXGroup;
			children = (
				8E3A008918AB073F3E9E814A /* DayInfo.swift */,
				8A6BF431064FA30B0BAA1E6A /* DayInfoProvider.swift */,
			);
			path = Model;
			sourceTree = "<group>";
		};
		406AF74CA8C63CE9D505804F /* Splash */ = {
			isa = PBXGroup;
			children = (
				2FE133DEF8718B82DBB01618 /* SplashScreen.swift */,
			);
			path = Splash;
			sourceTree = "<group>";
		};
		41DAC3ADDC02D04733D1539B /* Notes */ = {
			isa = PBXGroup;
			children = (
				7075602CCDC0FECC2BA80A39 /* NoteDetailScreen.swift */,
				DC84D25C63802EB97616EA4F /* NoteEditScreen.swift */,
				0A1C368C0ED86930A5578E2C /* NotesScreen.swift */,
				911F4C501970B0AF4E7AB882 /* NotesViewModel.swift */,
			);
			path = Notes;
			sourceTree = "<group>";
		};
		46472520054C045A397811EA /* Search */ = {
			isa = PBXGroup;
			children = (
				AE9720C2D479628AD7129305 /* SearchScreen.swift */,
				00548586F3B34E136327A29D /* SearchViewModel.swift */,
			);
			path = Search;
			sourceTree = "<group>";
		};
		4EB163308A39CE99E7BD7199 /* Main */ = {
			isa = PBXGroup;
			children = (
				DA14FF79E17D5D0C152A3111 /* MainTabView.swift */,
				F1799EBC772C48637AD42F24 /* SidebarView.swift */,
			);
			path = Main;
			sourceTree = "<group>";
		};
		56107C31B22E8D6489030BFB /* Screen */ = {
			isa = PBXGroup;
			children = (
				2CF1E99846710008C2B159DF /* Calendar */,
				29308DC0EB1E175465318A4B /* Chat */,
				D87B24848AC2CC579772E893 /* FamilyTree */,
				32E7F54A889A3AE6DF4A14C0 /* GoodDays */,
				7CD20092209CC12574843D44 /* Home */,
				4EB163308A39CE99E7BD7199 /* Main */,
				41DAC3ADDC02D04733D1539B /* Notes */,
				20FAB027EC7364B63DC9FB0C /* Notifications */,
				F0AD4CB6AD21EFB7D55DFFD9 /* Onboarding */,
				789F6C459CA365B509A8240B /* Prayers */,
				869481F0A53A3988A7C9B708 /* Profile */,
				F46A5DF39334FC1E7C56E22A /* Quiz */,
				46472520054C045A397811EA /* Search */,
				0370DD7B1B1B9669D0D6575B /* Settings */,
				406AF74CA8C63CE9D505804F /* Splash */,
				B3BFBC09720D0FFB2AD02C0D /* Tools */,
			);
			path = Screen;
			sourceTree = "<group>";
		};
		6D2E8334E241E9F105F61E79 /* Data */ = {
			isa = PBXGroup;
			children = (
				352F92EC29EBAA92512CF185 /* AI */,
				B040263563AE450B6027CB2C /* AppBackupManager.swift */,
				1D0B8F636E3EEFF341E49FA1 /* Entities.swift */,
				AAA380A8D6AFEFE1B27F3B02 /* FamilyTreeEntities.swift */,
				E2824597C65DA0A794E139AC /* GoogleAuthService.swift */,
				E1131CE8A0BE282A368DE90E /* QuizModels.swift */,
				71B1D2FE6C69588BBE6676CB /* QuizService.swift */,
				DCFC3FC29504BDE56CA31FCC /* VietnameseQuotes.swift */,
				A491DFE411760371D07A241D /* WeatherService.swift */,
			);
			path = Data;
			sourceTree = "<group>";
		};
		789F6C459CA365B509A8240B /* Prayers */ = {
			isa = PBXGroup;
			children = (
				4C78E9DBD61380D2BE59A707 /* PrayerDetailScreen.swift */,
				7C59A04EFC9969190A51E52D /* PrayersData.swift */,
				FEC7CD77CA1D9E6CD9360435 /* PrayersScreen.swift */,
			);
			path = Prayers;
			sourceTree = "<group>";
		};
		7CD20092209CC12574843D44 /* Home */ = {
			isa = PBXGroup;
			children = (
				F67FB9232C75342E3A7EBC32 /* HomeScreen.swift */,
				E16D7491EFEE4C38BED9A3E0 /* HomeViewModel.swift */,
				7B393C1BA7E97CEA0EBFA18F /* ThisDayInHistoryScreen.swift */,
				20549C413DA7D66433ECCD4A /* WeatherDetailSheet.swift */,
			);
			path = Home;
			sourceTree = "<group>";
		};
		869481F0A53A3988A7C9B708 /* Profile */ = {
			isa = PBXGroup;
			children = (
				615C762027BA81ED79B33AB7 /* EditProfileScreen.swift */,
				F7A8D38F392B0FE34370C7F2 /* EditProfileViewModel.swift */,
				DF72E1AB0CCE78551EF78E42 /* LoginScreen.swift */,
				013BCDFBF7D322CFF49F749E /* ProfileScreen.swift */,
			);
			path = Profile;
			sourceTree = "<group>";
		};
		94F1AA84F27CCA60D3065CCE /* Util */ = {
			isa = PBXGroup;
			children = (
				128FAF50394C317AA5B4A0A7 /* CachedAsyncImage.swift */,
				0EA22790D85950594F2B10B6 /* CanChiCalculator.swift */,
				4F9CA506A3D28BE479C6D71C /* DayActivityCalculator.swift */,
				1BBD0477ABF4C275972C833B /* FengShuiCalculators.swift */,
				9DB5BBA404E27F6A8D0414C8 /* GioHoangDaoCalculator.swift */,
				92545536E1C8386D22AD0C15 /* HistoricalEventProvider.swift */,
				E135145EE665303C156796B8 /* HolidayUtil.swift */,
				C1ABBE6E5AC7CD94D9318805 /* LunarCalendarUtil.swift */,
				DC09BCC2828C507CB093B978 /* MoonPhaseCalculator.swift */,
				2D644F93B7DB6A8CB6326CE8 /* SaoChieuCalculator.swift */,
				CADA7E520F456F413885B0D1 /* SmartRatingDialog.swift */,
				A1741B104CBAD166F843E776 /* SmartRatingManager.swift */,
				49E7A7D3B2CB22933460A19A /* TietKhiCalculator.swift */,
				E3DA281BBEF6121999D1BACE /* TrucNgayCalculator.swift */,
				BEFB45173767075CB250DFF5 /* ApiErrorUX.swift */,
			);
			path = Util;
			sourceTree = "<group>";
		};
		99EC39EE2FCB755885CCBE5F = {
			isa = PBXGroup;
			children = (
				D979F1510F1D8FA14EB877EE /* LichSo */,
				ED37B7517E60CD5C08584168 /* Products */,
			);
			sourceTree = "<group>";
		};
		A8287510E6D13C4105C70D3F /* Preview Content */ = {
			isa = PBXGroup;
			children = (
				12CC88B054C517B8F62A7958 /* Preview Assets.xcassets */,
			);
			path = "Preview Content";
			sourceTree = "<group>";
		};
		B3BFBC09720D0FFB2AD02C0D /* Tools */ = {
			isa = PBXGroup;
			children = (
				13D7EEAA7A35C6E6263E4520 /* ArticleDetailScreen.swift */,
				F478AAC9BB6851E056ABFA9F /* BatTrachScreen.swift */,
				BF8177C606D622CB2CAD7B85 /* BirthDatePlannerScreen.swift */,
				2D4BFCFEDD07D8BF02260723 /* CompassScreen.swift */,
				1CA215199521B2E4D3D9CAC5 /* CountdownScreen.swift */,
				F56D24D0DC43BB60FCAC0C42 /* CycleTrackerScreen.swift */,
				87DFDB96C2D129D9736FC4F0 /* DailyUnlockStoreScreen.swift */,
				24A8607CA1473CC8D5C8F2A3 /* DateMathScreen.swift */,
				FC699794376FC2A877796E1C /* DatePickerToolScreen.swift */,
				98326A1F595979162213E852 /* KnowledgeFeedScreen.swift */,
				508DDB96E1DB60CE518FF6BD /* LedgerScreen.swift */,
				EB18C91A836693A15861182A /* LoBanScreen.swift */,
				F4D91A00913CD736D1DF785A /* OracleDrawScreen.swift */,
				1183755B09F2BDB52639EC6A /* PointsTutorialScreen.swift */,
				C14C15C0AF051CF44B16A8B1 /* StreakFreezeScreen.swift */,
				E48D863D9E0E114B1852671E /* TietKhiScreen.swift */,
				BA4498982E451D4215772D7E /* ToolsScreen.swift */,
				616D861600785A7D2EE65420 /* WidgetManagerScreen.swift */,
				A37D9957B87272EFC9026B8C /* WorldClockScreen.swift */,
				D3919B518797DB317747AB9D /* ZodiacCollectionScreen.swift */,
			);
			path = Tools;
			sourceTree = "<group>";
		};
		D87B24848AC2CC579772E893 /* FamilyTree */ = {
			isa = PBXGroup;
			children = (
				7312B3722EA7F85646500026 /* AddMemberScreen.swift */,
				D9E16B96B0750A04C80C5C93 /* EditMemberScreen.swift */,
				B0549AFFD508D869EA6DCA28 /* FamilySettingsScreen.swift */,
				1C1F4826155B17D8147450E8 /* FamilyTreeScreen.swift */,
				A5273377A75F1B411F7D233C /* FamilyTreeViewModel.swift */,
				EB29DEE0138757F92AA5422B /* MemberDetailScreen.swift */,
				EC00695D23ED31878D3E6A3A /* MemorialDetailScreen.swift */,
				DF711F30CE426E7033BC5F7C /* PickMemberScreen.swift */,
			);
			path = FamilyTree;
			sourceTree = "<group>";
		};
		D979F1510F1D8FA14EB877EE /* LichSo */ = {
			isa = PBXGroup;
			children = (
				6D2E8334E241E9F105F61E79 /* Data */,
				2890D46FFC782DE1D00CC205 /* LichSoApp.swift */,
				3E154EB909732D529288CE59 /* Model */,
				56107C31B22E8D6489030BFB /* Screen */,
				1DACB2E0B0B6910FC5711D3A /* Theme */,
				94F1AA84F27CCA60D3065CCE /* Util */,
				AAAA4AF562759515310DBFCA /* Assets.xcassets */,
				A8287510E6D13C4105C70D3F /* Preview Content */,
				A5DADF6F33DA8E5685D00CCA /* Secrets.plist */,
				49A9D71362F36FBB79BA0790 /* Info.plist */,
			);
			path = LichSo;
			sourceTree = "<group>";
		};
		ED37B7517E60CD5C08584168 /* Products */ = {
			isa = PBXGroup;
			children = (
				6C2A42273B6B3D3E221449D2 /* LichSo.app */,
			);
			name = Products;
			sourceTree = "<group>";
		};
		F0AD4CB6AD21EFB7D55DFFD9 /* Onboarding */ = {
			isa = PBXGroup;
			children = (
				767365DB8ABBE7F25878D9E2 /* OnboardingScreen.swift */,
			);
			path = Onboarding;
			sourceTree = "<group>";
		};
		F46A5DF39334FC1E7C56E22A /* Quiz */ = {
			isa = PBXGroup;
			children = (
				F7E12B705AF3756BD5D0EB99 /* LeaderboardScreen.swift */,
				CB62F4A6F62F17547A7C2D83 /* QuizHomeScreen.swift */,
				5C27FD10762E6ACA3B913732 /* QuizResultScreen.swift */,
				6A38E404907D7AF27AA195E8 /* QuizSessionScreen.swift */,
			);
			path = Quiz;
			sourceTree = "<group>";
		};
/* End PBXGroup section */

/* Begin PBXNativeTarget section */
		AF61D65EEB1F63ABC47D1DCA /* LichSo */ = {
			isa = PBXNativeTarget;
			buildConfigurationList = 6B966E36DBD4300A11B92BF5 /* Build configuration list for PBXNativeTarget "LichSo" */;
			buildPhases = (
				2244BD8F5C60869D9FDBFC7A /* Sources */,
				C218A59285A68547BAC761D4 /* Frameworks */,
				C8DCE3F88F5F42B7BB0D7113 /* Resources */,
			);
			buildRules = (
			);
			dependencies = (
			);
			name = LichSo;
			productName = LichSo;
			productReference = 6C2A42273B6B3D3E221449D2 /* LichSo.app */;
			productType = "com.apple.product-type.application";
		};
/* End PBXNativeTarget section */

/* Begin PBXProject section */
		E1FE98CCA20D0989AB2148DD /* Project object */ = {
			isa = PBXProject;
			attributes = {
				BuildIndependentTargetsInParallel = 1;
				LastSwiftUpdateCheck = 1540;
				LastUpgradeCheck = 1540;
				TargetAttributes = {
					AF61D65EEB1F63ABC47D1DCA = {
						CreatedOnToolsVersion = 15.4;
					};
				};
			};
			buildConfigurationList = 182C33564B23FB0DBE6468D7 /* Build configuration list for PBXProject "LichSo" */;
			compatibilityVersion = "Xcode 14.0";
			developmentRegion = vi;
			hasScannedForEncodings = 0;
			knownRegions = (
				en,
				vi,
				Base,
			);
			mainGroup = 99EC39EE2FCB755885CCBE5F;
			productRefGroup = ED37B7517E60CD5C08584168 /* Products */;
			projectDirPath = "";
			projectRoot = "";
			targets = (
				AF61D65EEB1F63ABC47D1DCA /* LichSo */,
			);
		};
/* End PBXProject section */

/* Begin PBXResourcesBuildPhase section */
		C8DCE3F88F5F42B7BB0D7113 /* Resources */ = {
			isa = PBXResourcesBuildPhase;
			buildActionMask = 2147483647;
			files = (
				0606BBC6DA62E52250F9CD1F /* Secrets.plist in Resources */,
				78043E5E97B71808C47A98C2 /* Assets.xcassets in Resources */,
			);
			runOnlyForDeploymentPostprocessing = 0;
		};
/* End PBXResourcesBuildPhase section */

/* Begin PBXSourcesBuildPhase section */
		2244BD8F5C60869D9FDBFC7A /* Sources */ = {
			isa = PBXSourcesBuildPhase;
			buildActionMask = 2147483647;
			files = (
				5B0A9D0FB3963EAAB89473D5 /* OpenRouterService.swift in Sources */,
				3CD4D7C8F0F8788D553FA8DF /* AppBackupManager.swift in Sources */,
				448EEA357B651FCACFEB16A4 /* Entities.swift in Sources */,
				354F474260EF10068F838CC2 /* FamilyTreeEntities.swift in Sources */,
				38B3E28E12023FC0669B489E /* GoogleAuthService.swift in Sources */,
				775303CA43F817F6F6D1A074 /* QuizModels.swift in Sources */,
				3C30E4866BA5D531C28CBE25 /* QuizService.swift in Sources */,
				C1AFEEDC45C896A8CA7E2804 /* VietnameseQuotes.swift in Sources */,
				F55184E50AF7EBFF2AEA5ACD /* WeatherService.swift in Sources */,
				E03FC3BCAA473F75714948D5 /* LichSoApp.swift in Sources */,
				4F1E9E2E9DD6D5C3DC4B7A65 /* DayInfo.swift in Sources */,
				9D317C252E37B0C6FA72A152 /* DayInfoProvider.swift in Sources */,
				9CF28DC8E1A3E5535AF273B8 /* CalendarScreen.swift in Sources */,
				34DABDEA1AC36D06A1581753 /* CalendarViewModel.swift in Sources */,
				74DF4D9D7B55DF6FBFDDD74D /* DayDetailScreen.swift in Sources */,
				31D1FC845E9B10F8D42C72F3 /* AIChatDayScreen.swift in Sources */,
				7A56AD76C9011E256A0F8001 /* AIChatScreen.swift in Sources */,
				B69316A7353CE219B01FA014 /* AiFab.swift in Sources */,
				8E17F23F31DE7B4683D276C3 /* ChatViewModel.swift in Sources */,
				02913ECB43854E3204C285BF /* AddMemberScreen.swift in Sources */,
				40A04BB51ADB93C39ABE7A20 /* EditMemberScreen.swift in Sources */,
				A3B991DAD115017C2804EBFF /* FamilySettingsScreen.swift in Sources */,
				4208F5D89AAAA7B4CF2A4399 /* FamilyTreeScreen.swift in Sources */,
				A71CD56ECFCD9BAE586B3356 /* FamilyTreeViewModel.swift in Sources */,
				EFE49FB4EF0BE73B07C61E92 /* MemberDetailScreen.swift in Sources */,
				C6EAD1D796F656BA26F02009 /* MemorialDetailScreen.swift in Sources */,
				FF5281B92BFCBADC26FB4910 /* PickMemberScreen.swift in Sources */,
				E8CE44FFD5916DFBB01EA9CB /* GoodDaysScreen.swift in Sources */,
				27B0339A09D3E4A6117E8EFF /* GoodDaysViewModel.swift in Sources */,
				C6084E4123C4A4932C2AA80C /* HomeScreen.swift in Sources */,
				FD3CE55D3EAEB11BFBCBD659 /* HomeViewModel.swift in Sources */,
				95BC6BADBEF2A2C24552514E /* ThisDayInHistoryScreen.swift in Sources */,
				FA4F02F075A985C3F5849AB5 /* WeatherDetailSheet.swift in Sources */,
				E6E35D9B1502F6DA9D8AB654 /* MainTabView.swift in Sources */,
				3A5EEF424F692F07425733ED /* SidebarView.swift in Sources */,
				25550134916324BF3E776396 /* NoteDetailScreen.swift in Sources */,
				393754AEEB483B31F99AE8DB /* NoteEditScreen.swift in Sources */,
				FF98835805F91722777332AA /* NotesScreen.swift in Sources */,
				2C45F711AB324403040A0B0B /* NotesViewModel.swift in Sources */,
				611CCD6CA43B5E9DFCC259B7 /* NotificationScheduler.swift in Sources */,
				417D2F6BE89E2365D05948C4 /* NotificationService.swift in Sources */,
				EE6588FF61720833532355BA /* NotificationsScreen.swift in Sources */,
				B5D4C884D2E074DD64A42DBF /* NotificationsViewModel.swift in Sources */,
				534EED30E98492A8A99A6680 /* OnboardingScreen.swift in Sources */,
				C15328ABD69474C6DD0798B4 /* PrayerDetailScreen.swift in Sources */,
				DD95B3E5145EEED2CC517A3C /* PrayersData.swift in Sources */,
				E5EC73F81734F6D9C2F57467 /* PrayersScreen.swift in Sources */,
				0BB56E6E990BA4E9F69C37A6 /* EditProfileScreen.swift in Sources */,
				FF0958BF6F5753F935BDE092 /* EditProfileViewModel.swift in Sources */,
				2C0D6C04526DF93D59A2694E /* LoginScreen.swift in Sources */,
				37BC430146D3E740D4F2A3C7 /* ProfileScreen.swift in Sources */,
				FE0141E0968E97FEF623F52E /* LeaderboardScreen.swift in Sources */,
				CF54AFCE50C549B3C8A81CBF /* QuizHomeScreen.swift in Sources */,
				D438760B34B6ABD13D322317 /* QuizResultScreen.swift in Sources */,
				89E9FEAA798F7760509E35BC /* QuizSessionScreen.swift in Sources */,
				708E334F83891A17FF5876B9 /* SearchScreen.swift in Sources */,
				348921A463410E8BDBAD2E0E /* SearchViewModel.swift in Sources */,
				601811C5EA86B62750B0C56E /* SettingsScreen.swift in Sources */,
				5D7B6E74DD92B9D589CBB9FB /* SettingsViewModel.swift in Sources */,
				6FD8805BFF6AE0556D18850B /* SplashScreen.swift in Sources */,
				C4611EFA4B1BC39DB9E47EA3 /* ArticleDetailScreen.swift in Sources */,
				A7B2B13767DB8D537B18663E /* BatTrachScreen.swift in Sources */,
				9CF2C97064BABFBFB511714C /* BirthDatePlannerScreen.swift in Sources */,
				8C3D0A7F268042C87B6857AD /* CompassScreen.swift in Sources */,
				272680AB06F3D91C9DEAC042 /* CountdownScreen.swift in Sources */,
				D3C3D1AE42BFC38628334F52 /* CycleTrackerScreen.swift in Sources */,
				B8B10751BC8E744592C6C6ED /* DailyUnlockStoreScreen.swift in Sources */,
				47D9F9263A75CFD185045E92 /* DateMathScreen.swift in Sources */,
				6D0F3085C656F50BD7B3AC30 /* DatePickerToolScreen.swift in Sources */,
				EA852DDADDF8ACDFB55D3E05 /* KnowledgeFeedScreen.swift in Sources */,
				36AF9F31791580487BD54E15 /* LedgerScreen.swift in Sources */,
				1D81C38E44CD320B85B708C2 /* LoBanScreen.swift in Sources */,
				FE2E59CD4CD4EDC2864BDCB8 /* OracleDrawScreen.swift in Sources */,
				C164E22A15005C2A0608F3E1 /* PointsTutorialScreen.swift in Sources */,
				00DC584DB2DFE5FA4551504E /* StreakFreezeScreen.swift in Sources */,
				4727F739CCAEDCBEE5B732A3 /* TietKhiScreen.swift in Sources */,
				3B8491E21589FBB105D71E6F /* ToolsScreen.swift in Sources */,
				58A992ECE8BCBD5A342D388C /* WidgetManagerScreen.swift in Sources */,
				0F3A35C46CD3AB7328B89EB8 /* WorldClockScreen.swift in Sources */,
				909F9FB63F6DC0D03E2A3E3F /* ZodiacCollectionScreen.swift in Sources */,
				0C0405FF6C09C8D00BF4EB5A /* LichSoColors.swift in Sources */,
				809DA9F51AF45C359F3E9C3B /* LichSoTheme.swift in Sources */,
				E69CD0EB5F364120B8ADB926 /* CachedAsyncImage.swift in Sources */,
				5C5EAE2941B61F8AD49B5968 /* CanChiCalculator.swift in Sources */,
				03B34702D4749B42C0F41E1F /* DayActivityCalculator.swift in Sources */,
				B478D9B8B00A6A0558EA209E /* FengShuiCalculators.swift in Sources */,
				7BF650F8DEF6C126DA1E4843 /* GioHoangDaoCalculator.swift in Sources */,
				EC910562466B1651C333B24F /* HistoricalEventProvider.swift in Sources */,
				D951637F6C9FE1BA3EA80265 /* HolidayUtil.swift in Sources */,
				9AF1B5FD4984FE3905FBCC0B /* LunarCalendarUtil.swift in Sources */,
				D72E88B8F8117E1DA150A13C /* MoonPhaseCalculator.swift in Sources */,
				E0EF97491A48B97CC1148080 /* SaoChieuCalculator.swift in Sources */,
				365B3FD7539F783E92B4A64F /* SmartRatingDialog.swift in Sources */,
				68436210BFF6CF11437B68F1 /* SmartRatingManager.swift in Sources */,
				3CF5245C86A65CCE3A18F2DB /* TietKhiCalculator.swift in Sources */,
				3DA2EA7077F81B2F12E26359 /* TrucNgayCalculator.swift in Sources */,
				80C14B1F8566393704901DC6 /* ApiErrorUX.swift in Sources */,
			);
			runOnlyForDeploymentPostprocessing = 0;
		};
/* End PBXSourcesBuildPhase section */

/* Begin XCBuildConfiguration section */
		05EA39010A376805DEDC1C9B /* Release */ = {
			isa = XCBuildConfiguration;
			buildSettings = {
				ASSETCATALOG_COMPILER_APPICON_NAME = AppIcon;
				ASSETCATALOG_COMPILER_GLOBAL_ACCENT_COLOR_NAME = AccentColor;
				CODE_SIGN_STYLE = Automatic;
				CURRENT_PROJECT_VERSION = 1;
				DEVELOPMENT_ASSET_PATHS = "\"LichSo/Preview Content\"";
				ENABLE_PREVIEWS = YES;
				GENERATE_INFOPLIST_FILE = NO;
				INFOPLIST_FILE = LichSo/Info.plist;
				LD_RUNPATH_SEARCH_PATHS = (
					"$(inherited)",
					"@executable_path/Frameworks",
				);
				MARKETING_VERSION = 1.0;
				PRODUCT_BUNDLE_IDENTIFIER = com.lichso.app;
				PRODUCT_NAME = "$(TARGET_NAME)";
				SWIFT_EMIT_LOC_STRINGS = YES;
				SWIFT_VERSION = 5.0;
				TARGETED_DEVICE_FAMILY = "1,2";
			};
			name = Release;
		};
		35880E9B14AF17EFF08AFB12 /* Release */ = {
			isa = XCBuildConfiguration;
			buildSettings = {
				ALWAYS_SEARCH_USER_PATHS = NO;
				ASSTTAGS_COMPILATION_CONDITIONS = "";
				CLANG_ANALYZER_NONNULL = YES;
				CLANG_ANALYZER_NUMBER_OBJECT_CONVERSION = YES_AGGRESSIVE;
				CLANG_CXX_LANGUAGE_STANDARD = "gnu++20";
				CLANG_ENABLE_MODULES = YES;
				CLANG_ENABLE_OBJC_ARC = YES;
				CLANG_ENABLE_OBJC_WEAK = YES;
				CLANG_WARN_BLOCK_CAPTURE_AUTORELEASING = YES;
				CLANG_WARN_BOOL_CONVERSION = YES;
				CLANG_WARN_COMMA = YES;
				CLANG_WARN_CONSTANT_CONVERSION = YES;
				CLANG_WARN_DEPRECATED_OBJC_IMPLEMENTATIONS = YES;
				CLANG_WARN_DIRECT_OBJC_ISA_USAGE = YES_ERROR;
				CLANG_WARN_DOCUMENTATION_COMMENTS = YES;
				CLANG_WARN_EMPTY_BODY = YES;
				CLANG_WARN_ENUM_CONVERSION = YES;
				CLANG_WARN_INFINITE_RECURSION = YES;
				CLANG_WARN_INT_CONVERSION = YES;
				CLANG_WARN_NON_LITERAL_NULL_CONVERSION = YES;
				CLANG_WARN_OBJC_IMPLICIT_RETAIN_SELF = YES;
				CLANG_WARN_OBJC_LITERAL_CONVERSION = YES;
				CLANG_WARN_OBJC_ROOT_CLASS = YES_ERROR;
				CLANG_WARN_QUOTED_INCLUDE_IN_FRAMEWORK_HEADER = YES;
				CLANG_WARN_RANGE_LOOP_ANALYSIS = YES;
				CLANG_WARN_STRICT_PROTOTYPES = YES;
				CLANG_WARN_SUSPICIOUS_MOVE = YES;
				CLANG_WARN_UNGUARDED_AVAILABILITY = YES_AGGRESSIVE;
				CLANG_WARN_UNREACHABLE_CODE = YES;
				CLANG_WARN__DUPLICATE_METHOD_MATCH = YES;
				COPY_PHASE_STRIP = NO;
				DEBUG_INFORMATION_FORMAT = "dwarf-with-dsym";
				ENABLE_NS_ASSERTIONS = NO;
				ENABLE_STRICT_OBJC_MSGSEND = YES;
				ENABLE_USER_SCRIPT_SANDBOXING = YES;
				GCC_C_LANGUAGE_STANDARD = gnu17;
				GCC_NO_COMMON_BLOCKS = YES;
				GCC_WARN_64_TO_32_BIT_CONVERSION = YES;
				GCC_WARN_ABOUT_RETURN_TYPE = YES_ERROR;
				GCC_WARN_UNDECLARED_SELECTOR = YES;
				GCC_WARN_UNINITIALIZED_AUTOS = YES_AGGRESSIVE;
				GCC_WARN_UNUSED_FUNCTION = YES;
				GCC_WARN_UNUSED_VARIABLE = YES;
				IPHONEOS_DEPLOYMENT_TARGET = 17.0;
				MTL_ENABLE_DEBUG_INFO = NO;
				MTL_FAST_MATH = YES;
				SDKROOT = iphoneos;
				SWIFT_COMPILATION_MODE = wholemodule;
				VALIDATE_PRODUCT = YES;
			};
			name = Release;
		};
		E28C79277A01B89A78BBE5DA /* Debug */ = {
			isa = XCBuildConfiguration;
			buildSettings = {
				ASSETCATALOG_COMPILER_APPICON_NAME = AppIcon;
				ASSETCATALOG_COMPILER_GLOBAL_ACCENT_COLOR_NAME = AccentColor;
				CODE_SIGN_STYLE = Automatic;
				CURRENT_PROJECT_VERSION = 1;
				DEVELOPMENT_ASSET_PATHS = "\"LichSo/Preview Content\"";
				DEVELOPMENT_TEAM = A759U6QWJ9;
				ENABLE_PREVIEWS = YES;
				GENERATE_INFOPLIST_FILE = NO;
				INFOPLIST_FILE = LichSo/Info.plist;
				LD_RUNPATH_SEARCH_PATHS = (
					"$(inherited)",
					"@executable_path/Frameworks",
				);
				MARKETING_VERSION = 1.0;
				PRODUCT_BUNDLE_IDENTIFIER = com.lichso.app;
				PRODUCT_NAME = "$(TARGET_NAME)";
				SWIFT_EMIT_LOC_STRINGS = YES;
				SWIFT_VERSION = 5.0;
				TARGETED_DEVICE_FAMILY = "1,2";
			};
			name = Debug;
		};
		EED101C0830CA9EC3B1D60EB /* Debug */ = {
			isa = XCBuildConfiguration;
			buildSettings = {
				ALWAYS_SEARCH_USER_PATHS = NO;
				ASSTTAGS_COMPILATION_CONDITIONS = DEBUG;
				CLANG_ANALYZER_NONNULL = YES;
				CLANG_ANALYZER_NUMBER_OBJECT_CONVERSION = YES_AGGRESSIVE;
				CLANG_CXX_LANGUAGE_STANDARD = "gnu++20";
				CLANG_ENABLE_MODULES = YES;
				CLANG_ENABLE_OBJC_ARC = YES;
				CLANG_ENABLE_OBJC_WEAK = YES;
				CLANG_WARN_BLOCK_CAPTURE_AUTORELEASING = YES;
				CLANG_WARN_BOOL_CONVERSION = YES;
				CLANG_WARN_COMMA = YES;
				CLANG_WARN_CONSTANT_CONVERSION = YES;
				CLANG_WARN_DEPRECATED_OBJC_IMPLEMENTATIONS = YES;
				CLANG_WARN_DIRECT_OBJC_ISA_USAGE = YES_ERROR;
				CLANG_WARN_DOCUMENTATION_COMMENTS = YES;
				CLANG_WARN_EMPTY_BODY = YES;
				CLANG_WARN_ENUM_CONVERSION = YES;
				CLANG_WARN_INFINITE_RECURSION = YES;
				CLANG_WARN_INT_CONVERSION = YES;
				CLANG_WARN_NON_LITERAL_NULL_CONVERSION = YES;
				CLANG_WARN_OBJC_IMPLICIT_RETAIN_SELF = YES;
				CLANG_WARN_OBJC_LITERAL_CONVERSION = YES;
				CLANG_WARN_OBJC_ROOT_CLASS = YES_ERROR;
				CLANG_WARN_QUOTED_INCLUDE_IN_FRAMEWORK_HEADER = YES;
				CLANG_WARN_RANGE_LOOP_ANALYSIS = YES;
				CLANG_WARN_STRICT_PROTOTYPES = YES;
				CLANG_WARN_SUSPICIOUS_MOVE = YES;
				CLANG_WARN_UNGUARDED_AVAILABILITY = YES_AGGRESSIVE;
				CLANG_WARN_UNREACHABLE_CODE = YES;
				CLANG_WARN__DUPLICATE_METHOD_MATCH = YES;
				COPY_PHASE_STRIP = NO;
				DEBUG_INFORMATION_FORMAT = dwarf;
				ENABLE_STRICT_OBJC_MSGSEND = YES;
				ENABLE_TESTABILITY = YES;
				ENABLE_USER_SCRIPT_SANDBOXING = YES;
				GCC_C_LANGUAGE_STANDARD = gnu17;
				GCC_DYNAMIC_NO_PIC = NO;
				GCC_NO_COMMON_BLOCKS = YES;
				GCC_OPTIMIZATION_LEVEL = 0;
				GCC_PREPROCESSOR_DEFINITIONS = (
					"DEBUG=1",
					"$(inherited)",
				);
				GCC_WARN_64_TO_32_BIT_CONVERSION = YES;
				GCC_WARN_ABOUT_RETURN_TYPE = YES_ERROR;
				GCC_WARN_UNDECLARED_SELECTOR = YES;
				GCC_WARN_UNINITIALIZED_AUTOS = YES_AGGRESSIVE;
				GCC_WARN_UNUSED_FUNCTION = YES;
				GCC_WARN_UNUSED_VARIABLE = YES;
				IPHONEOS_DEPLOYMENT_TARGET = 17.0;
				MTL_ENABLE_DEBUG_INFO = INCLUDE_SOURCE;
				MTL_FAST_MATH = YES;
				ONLY_ACTIVE_ARCH = YES;
				SDKROOT = iphoneos;
				SWIFT_ACTIVE_COMPILATION_CONDITIONS = "DEBUG $(inherited)";
				SWIFT_OPTIMIZATION_LEVEL = "-Onone";
			};
			name = Debug;
		};
/* End XCBuildConfiguration section */

/* Begin XCConfigurationList section */
		182C33564B23FB0DBE6468D7 /* Build configuration list for PBXProject "LichSo" */ = {
			isa = XCConfigurationList;
			buildConfigurations = (
				EED101C0830CA9EC3B1D60EB /* Debug */,
				35880E9B14AF17EFF08AFB12 /* Release */,
			);
			defaultConfigurationIsVisible = 0;
			defaultConfigurationName = Release;
		};
		6B966E36DBD4300A11B92BF5 /* Build configuration list for PBXNativeTarget "LichSo" */ = {
			isa = XCConfigurationList;
			buildConfigurations = (
				E28C79277A01B89A78BBE5DA /* Debug */,
				05EA39010A376805DEDC1C9B /* Release */,
			);
			defaultConfigurationIsVisible = 0;
			defaultConfigurationName = Release;
		};
/* End XCConfigurationList section */
	};
	rootObject = E1FE98CCA20D0989AB2148DD /* Project object */;
}
